<?xml version="1.0" encoding="utf-8"?>
<Project ToolsVersion="4.0" xmlns="http://schemas.microsoft.com/developer/msbuild/2003">
  <ItemGroup>
    <Filter Include="Source Files">
      <UniqueIdentifier>{4FC737F1-C7A5-4376-A066-2A32D752A2FF}</UniqueIdentifier>
      <Extensions>cpp;c;cc;cxx;def;odl;idl;hpj;bat;asm;asmx</Extensions>
    </Filter>
    <Filter Include="Header Files">
      <UniqueIdentifier>{93995380-89BD-4b04-88EB-625FBE52EBFB}</UniqueIdentifier>
      <Extensions>h;hpp;hxx;hm;inl;inc;xsd</Extensions>
    </Filter>
    <Filter Include="Resource Files">
      <UniqueIdentifier>{67DA6AB6-F800-4c08-8B7A-83BB121AAD01}</UniqueIdentifier>
      <Extensions>rc;ico;cur;bmp;dlg;rc2;rct;bin;rgs;gif;jpg;jpeg;jpe;resx;tiff;tif;png;wav;mfcribbon-ms</Extensions>
    </Filter>
    <Filter Include="Header Files\Private">
      <UniqueIdentifier>{a8b041a9-0c78-4d68-a646-89dcd53ff025}</UniqueIdentifier>
    </Filter>
  </ItemGroup>
  <ItemGroup>
    <ClCompile Include="interceptor.cpp">
      <Filter>Source Files</Filter>
    </ClCompile>
    <ClCompile Include="invocationlistener.cpp">
      <Filter>Source Files</Filter>
    </ClCompile>
    <ClCompile Include="sanitychecker.cpp">
      <Filter>Source Files</Filter>
    </ClCompile>
    <ClCompile Include="symbolutil.cpp">
      <Filter>Source Files</Filter>
    </ClCompile>
    <ClCompile Include="profiler.cpp">
      <Filter>Source Files</Filter>
    </ClCompile>
    <ClCompile Include="sampler.cpp">
      <Filter>Source Files</Filter>
    </ClCompile>
    <ClCompile Include="backtracer.cpp">
      <Filter>Source Files</Filter>
    </ClCompile>
    <ClCompile Include="returnaddress.cpp">
      <Filter>Source Files</Filter>
    </ClCompile>
    <ClCompile Include="runtime.cpp">
      <Filter>Source Files</Filter>
    </ClCompile>
  </ItemGroup>
  <ItemGroup>
    <ClInclude Include="gumpp.hpp">
      <Filter>Header Files</Filter>
    </ClInclude>
    <ClInclude Include="objectwrapper.hpp">
      <Filter>Header Files\Private</Filter>
    </ClInclude>
    <ClInclude Include="podwrapper.hpp">
      <Filter>Header Files\Private</Filter>
    </ClInclude>
    <ClInclude Include="invocationcontext.hpp">
      <Filter>Header Files\Private</Filter>
    </ClInclude>
    <ClInclude Include="string.hpp">
      <Filter>Header Files\Private</Filter>
    </ClInclude>
    <ClInclude Include="invocationlistener.hpp">
      <Filter>Header Files\Private</Filter>
    </ClInclude>
    <ClInclude Include="runtime.hpp">
      <Filter>Header Files\Private</Filter>
    </ClInclude>
  </ItemGroup>
</Project>