<?xml version="1.0" encoding="utf-8"?>
<Project ToolsVersion="4.0" xmlns="http://schemas.microsoft.com/developer/msbuild/2003">
  <ItemGroup>
    <Filter Include="Source Files">
      <UniqueIdentifier>{52140f9a-63f0-4444-84d4-5b129dd6a633}</UniqueIdentifier>
    </Filter>
    <Filter Include="Header Files">
      <UniqueIdentifier>{f57fcf70-6211-4310-b321-d7328c2a1694}</UniqueIdentifier>
    </Filter>
    <Filter Include="Header Files\Private">
      <UniqueIdentifier>{2d4393ac-1b88-4eda-abd5-a382ea42b34e}</UniqueIdentifier>
    </Filter>
  </ItemGroup>
  <ItemGroup>
    <ClCompile Include="interceptor.cpp">
      <Filter>Source Files</Filter>
    </ClCompile>
    <ClCompile Include="invocationlistener.cpp">
      <Filter>Source Files</Filter>
    </ClCompile>
    <ClCompile Include="profiler.cpp">
      <Filter>Source Files</Filter>
    </ClCompile>
    <ClCompile Include="runtime.cpp">
      <Filter>Source Files</Filter>
    </ClCompile>
    <ClCompile Include="sampler.cpp">
      <Filter>Source Files</Filter>
    </ClCompile>
    <ClCompile Include="sanitychecker.cpp">
      <Filter>Source Files</Filter>
    </ClCompile>
    <ClCompile Include="symbolutil.cpp">
      <Filter>Source Files</Filter>
    </ClCompile>
    <ClCompile Include="returnaddress.cpp">
      <Filter>Source Files</Filter>
    </ClCompile>
    <ClCompile Include="backtracer.cpp">
      <Filter>Source Files</Filter>
    </ClCompile>
  </ItemGroup>
  <ItemGroup>
    <ClInclude Include="gumpp.hpp">
      <Filter>Header Files</Filter>
    </ClInclude>
    <ClInclude Include="invocationcontext.hpp">
      <Filter>Header Files\Private</Filter>
    </ClInclude>
    <ClInclude Include="invocationlistener.hpp">
      <Filter>Header Files\Private</Filter>
    </ClInclude>
    <ClInclude Include="objectwrapper.hpp">
      <Filter>Header Files\Private</Filter>
    </ClInclude>
    <ClInclude Include="podwrapper.hpp">
      <Filter>Header Files\Private</Filter>
    </ClInclude>
    <ClInclude Include="runtime.hpp">
      <Filter>Header Files\Private</Filter>
    </ClInclude>
    <ClInclude Include="string.hpp">
      <Filter>Header Files\Private</Filter>
    </ClInclude>
  </ItemGroup>
</Project>