<?xml version="1.0" encoding="utf-8"?>
<Project ToolsVersion="4.0" xmlns="http://schemas.microsoft.com/developer/msbuild/2003">
  <ItemGroup>
    <Filter Include="Source Files">
      <UniqueIdentifier>{52140f9a-63f0-4444-84d4-5b129dd6a633}</UniqueIdentifier>
    </Filter>
    <Filter Include="Header Files">
      <UniqueIdentifier>{f57fcf70-6211-4310-b321-d7328c2a1694}</UniqueIdentifier>
    </Filter>
  </ItemGroup>
  <ItemGroup>
    <ClCompile Include="..\gumpp\symbolutil.cpp">
      <Filter>Header Files</Filter>
    </ClCompile>
    <ClCompile Include="..\gumpp\backtracer.cpp">
      <Filter>Header Files</Filter>
    </ClCompile>
    <ClCompile Include="..\gumpp\interceptor.cpp">
      <Filter>Header Files</Filter>
    </ClCompile>
    <ClCompile Include="..\gumpp\invocationlistener.cpp">
      <Filter>Header Files</Filter>
    </ClCompile>
    <ClCompile Include="..\gumpp\profiler.cpp">
      <Filter>Header Files</Filter>
    </ClCompile>
    <ClCompile Include="..\gumpp\returnaddress.cpp">
      <Filter>Header Files</Filter>
    </ClCompile>
    <ClCompile Include="..\gumpp\runtime.cpp">
      <Filter>Header Files</Filter>
    </ClCompile>
    <ClCompile Include="..\gumpp\sampler.cpp">
      <Filter>Header Files</Filter>
    </ClCompile>
    <ClCompile Include="..\gumpp\sanitychecker.cpp">
      <Filter>Header Files</Filter>
    </ClCompile>
  </ItemGroup>
  <ItemGroup>
    <ClInclude Include="..\gumpp\gumpp.hpp">
      <Filter>Header Files</Filter>
    </ClInclude>
    <ClInclude Include="..\gumpp\invocationcontext.hpp">
      <Filter>Header Files</Filter>
    </ClInclude>
    <ClInclude Include="..\gumpp\invocationlistener.hpp">
      <Filter>Header Files</Filter>
    </ClInclude>
    <ClInclude Include="..\gumpp\objectwrapper.hpp">
      <Filter>Header Files</Filter>
    </ClInclude>
    <ClInclude Include="..\gumpp\podwrapper.hpp">
      <Filter>Header Files</Filter>
    </ClInclude>
    <ClInclude Include="..\gumpp\runtime.hpp">
      <Filter>Header Files</Filter>
    </ClInclude>
    <ClInclude Include="..\gumpp\string.hpp">
      <Filter>Header Files</Filter>
    </ClInclude>
  </ItemGroup>
</Project>