<?xml version="1.0" encoding="utf-8"?>
<Project ToolsVersion="4.0" xmlns="http://schemas.microsoft.com/developer/msbuild/2003">
  <ItemGroup>
    <Filter Include="core">
      <UniqueIdentifier>{37ab3c51-1983-4479-91c9-010eb64aae2f}</UniqueIdentifier>
    </Filter>
    <Filter Include="core\backend-windows">
      <UniqueIdentifier>{344c8464-6e81-4ed7-b64f-62e262bf6134}</UniqueIdentifier>
    </Filter>
    <Filter Include="core\backend-x86">
      <UniqueIdentifier>{e2b9ce9b-ec87-4716-8ee8-9bafdf6216c5}</UniqueIdentifier>
    </Filter>
    <Filter Include="libs">
      <UniqueIdentifier>{bf1c3d19-8158-4a35-b313-79875fe25640}</UniqueIdentifier>
    </Filter>
    <Filter Include="libs\heap">
      <UniqueIdentifier>{fcd4cade-306b-4523-ae7d-d4b6466f66ac}</UniqueIdentifier>
    </Filter>
    <Filter Include="core\backend-dbghelp">
      <UniqueIdentifier>{7502d842-9b17-4269-b789-95d62d99860c}</UniqueIdentifier>
    </Filter>
    <Filter Include="libs\prof">
      <UniqueIdentifier>{fa7da979-98f4-4b4c-a916-25724d1fd31e}</UniqueIdentifier>
    </Filter>
    <Filter Include="core\arch-arm">
      <UniqueIdentifier>{422492e7-f2de-49a2-923f-f70237e2f44c}</UniqueIdentifier>
    </Filter>
    <Filter Include="core\arch-arm64">
      <UniqueIdentifier>{8e89e69d-014f-4730-8e4b-ed9caa938949}</UniqueIdentifier>
    </Filter>
    <Filter Include="core\arch-x86">
      <UniqueIdentifier>{41ad8d23-ee83-4901-a2ac-26b1e995b0b3}</UniqueIdentifier>
    </Filter>
    <Filter Include="core\arch-x86\vapi">
      <UniqueIdentifier>{4f6067a4-9b67-4259-a2b6-8c902581f2c6}</UniqueIdentifier>
    </Filter>
    <Filter Include="vapi">
      <UniqueIdentifier>{0be298fa-9098-4852-9891-8eb8811d2c66}</UniqueIdentifier>
    </Filter>
  </ItemGroup>
  <ItemGroup>
    <ClCompile Include="gum\arch-x86\gumx86reader.c">
      <Filter>core\arch-x86</Filter>
    </ClCompile>
    <ClCompile Include="gum\arch-x86\gumx86relocator.c">
      <Filter>core\arch-x86</Filter>
    </ClCompile>
    <ClCompile Include="gum\arch-x86\gumx86writer.c">
      <Filter>core\arch-x86</Filter>
    </ClCompile>
    <ClCompile Include="gum\backend-windows\gumtls-windows.c">
      <Filter>core\backend-windows</Filter>
    </ClCompile>
    <ClCompile Include="gum\backend-windows\gummemory-windows.c">
      <Filter>core\backend-windows</Filter>
    </ClCompile>
    <ClCompile Include="gum\gum.c">
      <Filter>core</Filter>
    </ClCompile>
    <ClCompile Include="gum\guminterceptor.c">
      <Filter>core</Filter>
    </ClCompile>
    <ClCompile Include="gum\guminvocationlistener.c">
      <Filter>core</Filter>
    </ClCompile>
    <ClCompile Include="gum\gumlibc.c">
      <Filter>core</Filter>
    </ClCompile>
    <ClCompile Include="gum\gumexceptor.c">
      <Filter>core</Filter>
    </ClCompile>
    <ClCompile Include="gum\gumeventsink.c">
      <Filter>core</Filter>
    </ClCompile>
    <ClCompile Include="gum\gumheapapi.c">
      <Filter>core</Filter>
    </ClCompile>
    <ClCompile Include="gum\backend-x86\gumstalker-x86.c">
      <Filter>core\backend-x86</Filter>
    </ClCompile>
    <ClCompile Include="gum\backend-x86\gumspinlock-amd64-msc.c">
      <Filter>core\backend-x86</Filter>
    </ClCompile>
    <ClCompile Include="gum\gumcodeallocator.c">
      <Filter>core</Filter>
    </ClCompile>
    <ClCompile Include="gum\guminvocationcontext.c">
      <Filter>core</Filter>
    </ClCompile>
    <ClCompile Include="libs\gum\heap\gumallocationblock.c">
      <Filter>libs\heap</Filter>
    </ClCompile>
    <ClCompile Include="libs\gum\heap\gumallocationgroup.c">
      <Filter>libs\heap</Filter>
    </ClCompile>
    <ClCompile Include="libs\gum\heap\gumallocationtracker.c">
      <Filter>libs\heap</Filter>
    </ClCompile>
    <ClCompile Include="libs\gum\heap\gumallocatorprobe.c">
      <Filter>libs\heap</Filter>
    </ClCompile>
    <ClCompile Include="libs\gum\heap\gumboundschecker.c">
      <Filter>libs\heap</Filter>
    </ClCompile>
    <ClCompile Include="libs\gum\heap\gumcobject.c">
      <Filter>libs\heap</Filter>
    </ClCompile>
    <ClCompile Include="libs\gum\heap\gumcobjecttracker.c">
      <Filter>libs\heap</Filter>
    </ClCompile>
    <ClCompile Include="libs\gum\heap\guminstancetracker.c">
      <Filter>libs\heap</Filter>
    </ClCompile>
    <ClCompile Include="libs\gum\heap\gumpagepool.c">
      <Filter>libs\heap</Filter>
    </ClCompile>
    <ClCompile Include="gum\gumapiresolver.c">
      <Filter>core</Filter>
    </ClCompile>
    <ClCompile Include="gum\gumbacktracer.c">
      <Filter>core</Filter>
    </ClCompile>
    <ClCompile Include="gum\gumcloak.c">
      <Filter>core</Filter>
    </ClCompile>
    <ClCompile Include="gum\backend-dbghelp\gumdbghelp.c">
      <Filter>core\backend-dbghelp</Filter>
    </ClCompile>
    <ClCompile Include="gum\backend-dbghelp\gumsymbolutil-dbghelp.c">
      <Filter>core\backend-dbghelp</Filter>
    </ClCompile>
    <ClCompile Include="gum\backend-dbghelp\gumdbghelpbacktracer.c">
      <Filter>core\backend-dbghelp</Filter>
    </ClCompile>
    <ClCompile Include="gum\gumreturnaddress.c">
      <Filter>core</Filter>
    </ClCompile>
    <ClCompile Include="gum\gumstalker.c">
      <Filter>core</Filter>
    </ClCompile>
    <ClCompile Include="libs\gum\prof\gumbusycyclesampler-windows.c">
      <Filter>libs\prof</Filter>
    </ClCompile>
    <ClCompile Include="libs\gum\prof\gumcallcountsampler.c">
      <Filter>libs\prof</Filter>
    </ClCompile>
    <ClCompile Include="libs\gum\prof\gumcyclesampler-x86.c">
      <Filter>libs\prof</Filter>
    </ClCompile>
    <ClCompile Include="libs\gum\prof\gummalloccountsampler.c">
      <Filter>libs\prof</Filter>
    </ClCompile>
    <ClCompile Include="libs\gum\prof\gumprofiler.c">
      <Filter>libs\prof</Filter>
    </ClCompile>
    <ClCompile Include="libs\gum\prof\gumprofilereport.c">
      <Filter>libs\prof</Filter>
    </ClCompile>
    <ClCompile Include="libs\gum\prof\gumsampler.c">
      <Filter>libs\prof</Filter>
    </ClCompile>
    <ClCompile Include="libs\gum\prof\gumwallclocksampler.c">
      <Filter>libs\prof</Filter>
    </ClCompile>
    <ClCompile Include="libs\gum\heap\gumsanitychecker.c">
      <Filter>libs\heap</Filter>
    </ClCompile>
    <ClCompile Include="gum\backend-x86\gumcpucontext-x86.c">
      <Filter>core\backend-x86</Filter>
    </ClCompile>
    <ClCompile Include="gum\backend-x86\guminterceptor-x86.c">
      <Filter>core\backend-x86</Filter>
    </ClCompile>
    <ClCompile Include="gum\gummemory.c">
      <Filter>core</Filter>
    </ClCompile>
    <ClCompile Include="gum\gummemorymap.c">
      <Filter>core</Filter>
    </ClCompile>
    <ClCompile Include="gum\gummetalarray.c">
      <Filter>core</Filter>
    </ClCompile>
    <ClCompile Include="gum\gummetalhash.c">
      <Filter>core</Filter>
    </ClCompile>
    <ClCompile Include="gum\gummoduleapiresolver.c">
      <Filter>core</Filter>
    </ClCompile>
    <ClCompile Include="gum\gummodulemap.c">
      <Filter>core</Filter>
    </ClCompile>
    <ClCompile Include="gum\gumprintf.c">
      <Filter>core</Filter>
    </ClCompile>
    <ClCompile Include="gum\gumkernel.c">
      <Filter>core</Filter>
    </ClCompile>
    <ClCompile Include="gum\gumleb.c">
      <Filter>core</Filter>
    </ClCompile>
    <ClCompile Include="gum\gumprocess.c">
      <Filter>core</Filter>
    </ClCompile>
    <ClCompile Include="gum\backend-windows\gumprocess-windows.c">
      <Filter>core\backend-windows</Filter>
    </ClCompile>
    <ClCompile Include="gum\backend-windows\gumexceptor-windows.c">
      <Filter>core\backend-windows</Filter>
    </ClCompile>
    <ClCompile Include="gum\arch-arm64\gumarm64relocator.c">
      <Filter>core\arch-arm64</Filter>
    </ClCompile>
    <ClCompile Include="gum\arch-arm64\gumarm64writer.c">
      <Filter>core\arch-arm64</Filter>
    </ClCompile>
    <ClCompile Include="gum\arch-arm\gumarmrelocator.c">
      <Filter>core\arch-arm</Filter>
    </ClCompile>
    <ClCompile Include="gum\arch-arm\gumarmwriter.c">
      <Filter>core\arch-arm</Filter>
    </ClCompile>
    <ClCompile Include="gum\arch-arm\gumthumbrelocator.c">
      <Filter>core\arch-arm</Filter>
    </ClCompile>
    <ClCompile Include="gum\arch-arm\gumthumbwriter.c">
      <Filter>core\arch-arm</Filter>
    </ClCompile>
    <ClCompile Include="gum\arch-arm\gumarmreg.c">
      <Filter>core\arch-arm</Filter>
    </ClCompile>
    <ClCompile Include="gum\arch-x86\gumx86backtracer.c">
      <Filter>core\arch-x86</Filter>
    </ClCompile>
    <ClCompile Include="gum\backend-windows\gummemoryaccessmonitor-windows.c">
      <Filter>core\backend-windows</Filter>
    </ClCompile>
    <ClCompile Include="gum\gumcodesegment.c">
      <Filter>core</Filter>
    </ClCompile>
    <ClCompile Include="gum\gumdarwinmodule.c">
      <Filter>core</Filter>
    </ClCompile>
    <ClCompile Include="gum\gumelfmodule.c">
      <Filter>core</Filter>
    </ClCompile>
    <ClCompile Include="gum\gumswiftapiresolver.c">
      <Filter>core</Filter>
    </ClCompile>
  </ItemGroup>
  <ItemGroup>
    <ClInclude Include="gum\arch-x86\gumx86reader.h">
      <Filter>core\arch-x86</Filter>
    </ClInclude>
    <ClInclude Include="gum\arch-x86\gumx86relocator.h">
      <Filter>core\arch-x86</Filter>
    </ClInclude>
    <ClInclude Include="gum\arch-x86\gumx86writer.h">
      <Filter>core\arch-x86</Filter>
    </ClInclude>
    <ClInclude Include="gum\guminterceptor.h">
      <Filter>core</Filter>
    </ClInclude>
    <ClInclude Include="gum\gummemory.h">
      <Filter>core</Filter>
    </ClInclude>
    <ClInclude Include="gum\gummemorymap.h">
      <Filter>core</Filter>
    </ClInclude>
    <ClInclude Include="gum\gummetalarray.h">
      <Filter>core</Filter>
    </ClInclude>
    <ClInclude Include="gum\gummetalhash.h">
      <Filter>core</Filter>
    </ClInclude>
    <ClInclude Include="gum\gummoduleapiresolver.h">
      <Filter>core</Filter>
    </ClInclude>
    <ClInclude Include="gum\gummodulemap.h">
      <Filter>core</Filter>
    </ClInclude>
    <ClInclude Include="gum\gumprintf.h">
      <Filter>core</Filter>
    </ClInclude>
    <ClInclude Include="gum\gumdefs.h">
      <Filter>core</Filter>
    </ClInclude>
    <ClInclude Include="gum\gumelfmodule.h">
      <Filter>core</Filter>
    </ClInclude>
    <ClInclude Include="gum\gum.h">
      <Filter>core</Filter>
    </ClInclude>
    <ClInclude Include="gum\gum-init.h">
      <Filter>core</Filter>
    </ClInclude>
    <ClInclude Include="gum\guminvocationlistener.h">
      <Filter>core</Filter>
    </ClInclude>
    <ClInclude Include="gum\gumlibc.h">
      <Filter>core</Filter>
    </ClInclude>
    <ClInclude Include="gum\gumstalker.h">
      <Filter>core</Filter>
    </ClInclude>
    <ClInclude Include="gum\gumeventsink.h">
      <Filter>core</Filter>
    </ClInclude>
    <ClInclude Include="gum\gumspinlock.h">
      <Filter>core</Filter>
    </ClInclude>
    <ClInclude Include="gum\gumsymbolutil.h">
      <Filter>core</Filter>
    </ClInclude>
    <ClInclude Include="gum\gumcodeallocator.h">
      <Filter>core</Filter>
    </ClInclude>
    <ClInclude Include="gum\guminvocationcontext.h">
      <Filter>core</Filter>
    </ClInclude>
    <ClInclude Include="gum\gumsysinternals.h">
      <Filter>core</Filter>
    </ClInclude>
    <ClInclude Include="libs\gum\gum-heap.h">
      <Filter>libs</Filter>
    </ClInclude>
    <ClInclude Include="libs\gum\heap\gumpagepool.h">
      <Filter>libs\heap</Filter>
    </ClInclude>
    <ClInclude Include="libs\gum\heap\gumallocationblock.h">
      <Filter>libs\heap</Filter>
    </ClInclude>
    <ClInclude Include="libs\gum\heap\gumallocationgroup.h">
      <Filter>libs\heap</Filter>
    </ClInclude>
    <ClInclude Include="libs\gum\heap\gumallocationtracker.h">
      <Filter>libs\heap</Filter>
    </ClInclude>
    <ClInclude Include="libs\gum\heap\gumallocatorprobe.h">
      <Filter>libs\heap</Filter>
    </ClInclude>
    <ClInclude Include="libs\gum\heap\gumboundschecker.h">
      <Filter>libs\heap</Filter>
    </ClInclude>
    <ClInclude Include="libs\gum\heap\gumcobject.h">
      <Filter>libs\heap</Filter>
    </ClInclude>
    <ClInclude Include="libs\gum\heap\gumcobjecttracker.h">
      <Filter>libs\heap</Filter>
    </ClInclude>
    <ClInclude Include="libs\gum\heap\guminstancetracker.h">
      <Filter>libs\heap</Filter>
    </ClInclude>
    <ClInclude Include="gum\gumapiresolver.h">
      <Filter>core</Filter>
    </ClInclude>
    <ClInclude Include="gum\gumbacktracer.h">
      <Filter>core</Filter>
    </ClInclude>
    <ClInclude Include="gum\gumcloak.h">
      <Filter>core</Filter>
    </ClInclude>
    <ClInclude Include="gum\gumcloak-priv.h">
      <Filter>core</Filter>
    </ClInclude>
    <ClInclude Include="gum\backend-dbghelp\gumdbghelp.h">
      <Filter>core\backend-dbghelp</Filter>
    </ClInclude>
    <ClInclude Include="gum\backend-dbghelp\gumdbghelpbacktracer.h">
      <Filter>core\backend-dbghelp</Filter>
    </ClInclude>
    <ClInclude Include="gum\gumreturnaddress.h">
      <Filter>core</Filter>
    </ClInclude>
    <ClInclude Include="libs\gum\gum-prof.h">
      <Filter>libs</Filter>
    </ClInclude>
    <ClInclude Include="libs\gum\prof\gumwallclocksampler.h">
      <Filter>libs\prof</Filter>
    </ClInclude>
    <ClInclude Include="libs\gum\prof\gumbusycyclesampler.h">
      <Filter>libs\prof</Filter>
    </ClInclude>
    <ClInclude Include="libs\gum\prof\gumcallcountsampler.h">
      <Filter>libs\prof</Filter>
    </ClInclude>
    <ClInclude Include="libs\gum\prof\gumcyclesampler.h">
      <Filter>libs\prof</Filter>
    </ClInclude>
    <ClInclude Include="libs\gum\prof\gummalloccountsampler.h">
      <Filter>libs\prof</Filter>
    </ClInclude>
    <ClInclude Include="libs\gum\prof\gumprofiler.h">
      <Filter>libs\prof</Filter>
    </ClInclude>
    <ClInclude Include="libs\gum\prof\gumprofilereport.h">
      <Filter>libs\prof</Filter>
    </ClInclude>
    <ClInclude Include="libs\gum\prof\gumsampler.h">
      <Filter>libs\prof</Filter>
    </ClInclude>
    <ClInclude Include="libs\gum\heap\gumsanitychecker.h">
      <Filter>libs\heap</Filter>
    </ClInclude>
    <ClInclude Include="gum\gumexceptor.h">
      <Filter>core</Filter>
    </ClInclude>
    <ClInclude Include="gum\gumexceptorbackend.h">
      <Filter>core</Filter>
    </ClInclude>
    <ClInclude Include="gum\gumevent.h">
      <Filter>core</Filter>
    </ClInclude>
    <ClInclude Include="gum\gumfunction.h">
      <Filter>core</Filter>
    </ClInclude>
    <ClInclude Include="gum\gumheapapi.h">
      <Filter>core</Filter>
    </ClInclude>
    <ClInclude Include="gum\guminterceptor-priv.h">
      <Filter>core</Filter>
    </ClInclude>
    <ClInclude Include="gum\gummemory-priv.h">
      <Filter>core</Filter>
    </ClInclude>
    <ClInclude Include="gum\gumtls.h">
      <Filter>core</Filter>
    </ClInclude>
    <ClInclude Include="gum\gumtls-priv.h">
      <Filter>core</Filter>
    </ClInclude>
    <ClInclude Include="gum\backend-windows\gumwindows.h">
      <Filter>core\backend-windows</Filter>
    </ClInclude>
    <ClInclude Include="gum\gummemoryaccessmonitor.h">
      <Filter>core</Filter>
    </ClInclude>
    <ClInclude Include="gum\arch-arm64\gumarm64relocator.h">
      <Filter>core\arch-arm64</Filter>
    </ClInclude>
    <ClInclude Include="gum\arch-arm64\gumarm64writer.h">
      <Filter>core\arch-arm64</Filter>
    </ClInclude>
    <ClInclude Include="gum\arch-arm\gumarmrelocator.h">
      <Filter>core\arch-arm</Filter>
    </ClInclude>
    <ClInclude Include="gum\arch-arm\gumarmwriter.h">
      <Filter>core\arch-arm</Filter>
    </ClInclude>
    <ClInclude Include="gum\arch-arm\gumthumbrelocator.h">
      <Filter>core\arch-arm</Filter>
    </ClInclude>
    <ClInclude Include="gum\arch-arm\gumthumbwriter.h">
      <Filter>core\arch-arm</Filter>
    </ClInclude>
    <ClInclude Include="gum\arch-arm\gumarmreg.h">
      <Filter>core\arch-arm</Filter>
    </ClInclude>
    <ClInclude Include="gum\gumkernel.h">
      <Filter>core</Filter>
    </ClInclude>
    <ClInclude Include="gum\gumleb.h">
      <Filter>core</Filter>
    </ClInclude>
    <ClInclude Include="gum\gumprocess.h">
      <Filter>core</Filter>
    </ClInclude>
    <ClInclude Include="gum\gumprocess-priv.h">
      <Filter>core</Filter>
    </ClInclude>
    <ClInclude Include="gum\arch-x86\gumx86backtracer.h">
      <Filter>core\arch-x86</Filter>
    </ClInclude>
    <ClInclude Include="gum\gumcodesegment.h">
      <Filter>core</Filter>
    </ClInclude>
    <ClInclude Include="gum\gumdarwinmodule.h">
      <Filter>core</Filter>
    </ClInclude>
    <ClInclude Include="gum\gumswiftapiresolver.h">
      <Filter>core</Filter>
    </ClInclude>
  </ItemGroup>
  <ItemGroup>
    <None Include="vapi\frida-gum-1.0.vapi">
      <Filter>vapi</Filter>
    </None>
  </ItemGroup>
  <ItemGroup>
    <CustomBuild Include="gum\gumenumtypes.c.template">
      <Filter>core</Filter>
    </CustomBuild>
    <CustomBuild Include="gum\gumenumtypes.h.template">
      <Filter>core</Filter>
    </CustomBuild>
  </ItemGroup>
</Project>
