<?xml version="1.0" encoding="utf-8"?>
<Project ToolsVersion="4.0" xmlns="http://schemas.microsoft.com/developer/msbuild/2003">
  <ItemGroup>
    <Filter Include="udis86">
      <UniqueIdentifier>{1cbce496-b36f-42a5-b142-8387f91dd218}</UniqueIdentifier>
    </Filter>
    <Filter Include="core">
      <UniqueIdentifier>{37ab3c51-1983-4479-91c9-010eb64aae2f}</UniqueIdentifier>
    </Filter>
    <Filter Include="core\arch-x86">
      <UniqueIdentifier>{41ad8d23-ee83-4901-a2ac-26b1e995b0b3}</UniqueIdentifier>
    </Filter>
    <Filter Include="core\backend-windows">
      <UniqueIdentifier>{344c8464-6e81-4ed7-b64f-62e262bf6134}</UniqueIdentifier>
    </Filter>
    <Filter Include="core\backend-x86">
      <UniqueIdentifier>{e2b9ce9b-ec87-4716-8ee8-9bafdf6216c5}</UniqueIdentifier>
    </Filter>
    <Filter Include="libs">
      <UniqueIdentifier>{bf1c3d19-8158-4a35-b313-79875fe25640}</UniqueIdentifier>
    </Filter>
    <Filter Include="libs\heap">
      <UniqueIdentifier>{fcd4cade-306b-4523-ae7d-d4b6466f66ac}</UniqueIdentifier>
    </Filter>
    <Filter Include="core\backend-dbghelp">
      <UniqueIdentifier>{7502d842-9b17-4269-b789-95d62d99860c}</UniqueIdentifier>
    </Filter>
    <Filter Include="libs\prof">
      <UniqueIdentifier>{fa7da979-98f4-4b4c-a916-25724d1fd31e}</UniqueIdentifier>
    </Filter>
    <Filter Include="vapi">
      <UniqueIdentifier>{4f6067a4-9b67-4259-a2b6-8c902581f2c6}</UniqueIdentifier>
    </Filter>
  </ItemGroup>
  <ItemGroup>
    <ClCompile Include="$(SolutionDir)udis86\libudis86\decode.c">
      <Filter>udis86</Filter>
    </ClCompile>
    <ClCompile Include="$(SolutionDir)udis86\libudis86\syn-att.c">
      <Filter>udis86</Filter>
    </ClCompile>
    <ClCompile Include="$(SolutionDir)udis86\libudis86\syn-intel.c">
      <Filter>udis86</Filter>
    </ClCompile>
    <ClCompile Include="$(SolutionDir)udis86\libudis86\syn.c">
      <Filter>udis86</Filter>
    </ClCompile>
    <ClCompile Include="$(SolutionDir)udis86\libudis86\udis86.c">
      <Filter>udis86</Filter>
    </ClCompile>
    <ClCompile Include="gum\arch-x86\gumudis86.c">
      <Filter>core\arch-x86</Filter>
    </ClCompile>
    <ClCompile Include="gum\arch-x86\gumx86reader.c">
      <Filter>core\arch-x86</Filter>
    </ClCompile>
    <ClCompile Include="gum\arch-x86\gumx86relocator.c">
      <Filter>core\arch-x86</Filter>
    </ClCompile>
    <ClCompile Include="gum\arch-x86\gumx86writer.c">
      <Filter>core\arch-x86</Filter>
    </ClCompile>
    <ClCompile Include="gum\backend-windows\gummemory-windows.c">
      <Filter>core\backend-windows</Filter>
    </ClCompile>
    <ClCompile Include="gum\gum.c">
      <Filter>core</Filter>
    </ClCompile>
    <ClCompile Include="gum\guminterceptor.c">
      <Filter>core</Filter>
    </ClCompile>
    <ClCompile Include="gum\gumarray.c">
      <Filter>core</Filter>
    </ClCompile>
    <ClCompile Include="gum\gumhash.c">
      <Filter>core</Filter>
    </ClCompile>
    <ClCompile Include="gum\guminvocationlistener.c">
      <Filter>core</Filter>
    </ClCompile>
    <ClCompile Include="gum\gumlist.c">
      <Filter>core</Filter>
    </ClCompile>
    <ClCompile Include="$(IntDir)libudis86\itab.c">
      <Filter>udis86</Filter>
    </ClCompile>
    <ClCompile Include="gum\gumeventsink.c">
      <Filter>core</Filter>
    </ClCompile>
    <ClCompile Include="gum\backend-x86\gumstalker-x86.c">
      <Filter>core\backend-x86</Filter>
    </ClCompile>
    <ClCompile Include="gum\backend-windows\gumwinexceptionhook.c">
      <Filter>core\backend-windows</Filter>
    </ClCompile>
    <ClCompile Include="gum\backend-x86\gumspinlock-amd64-msc.c">
      <Filter>core\backend-x86</Filter>
    </ClCompile>
    <ClCompile Include="gum\gumcodeallocator.c">
      <Filter>core</Filter>
    </ClCompile>
    <ClCompile Include="gum\guminvocationcontext.c">
      <Filter>core</Filter>
    </ClCompile>
    <ClCompile Include="libs\gum\heap\gumallocationblock.c">
      <Filter>libs\heap</Filter>
    </ClCompile>
    <ClCompile Include="libs\gum\heap\gumallocationgroup.c">
      <Filter>libs\heap</Filter>
    </ClCompile>
    <ClCompile Include="libs\gum\heap\gumallocationtracker.c">
      <Filter>libs\heap</Filter>
    </ClCompile>
    <ClCompile Include="libs\gum\heap\gumallocatorprobe.c">
      <Filter>libs\heap</Filter>
    </ClCompile>
    <ClCompile Include="libs\gum\heap\gumboundschecker.c">
      <Filter>libs\heap</Filter>
    </ClCompile>
    <ClCompile Include="libs\gum\heap\gumcobject.c">
      <Filter>libs\heap</Filter>
    </ClCompile>
    <ClCompile Include="libs\gum\heap\gumcobjecttracker.c">
      <Filter>libs\heap</Filter>
    </ClCompile>
    <ClCompile Include="libs\gum\heap\guminstancetracker.c">
      <Filter>libs\heap</Filter>
    </ClCompile>
    <ClCompile Include="libs\gum\heap\gumpagepool.c">
      <Filter>libs\heap</Filter>
    </ClCompile>
    <ClCompile Include="gum\gumbacktracer.c">
      <Filter>core</Filter>
    </ClCompile>
    <ClCompile Include="gum\backend-dbghelp\gumdbghelp.c">
      <Filter>core\backend-dbghelp</Filter>
    </ClCompile>
    <ClCompile Include="gum\backend-dbghelp\gumsymbolutil-dbghelp.c">
      <Filter>core\backend-dbghelp</Filter>
    </ClCompile>
    <ClCompile Include="gum\backend-dbghelp\gumdbghelpbacktracer.c">
      <Filter>core\backend-dbghelp</Filter>
    </ClCompile>
    <ClCompile Include="gum\gumreturnaddress.c">
      <Filter>core</Filter>
    </ClCompile>
    <ClCompile Include="libs\gum\prof\gumbusycyclesampler-windows.c">
      <Filter>libs\prof</Filter>
    </ClCompile>
    <ClCompile Include="libs\gum\prof\gumcallcountsampler.c">
      <Filter>libs\prof</Filter>
    </ClCompile>
    <ClCompile Include="libs\gum\prof\gumcyclesampler.c">
      <Filter>libs\prof</Filter>
    </ClCompile>
    <ClCompile Include="libs\gum\prof\gummalloccountsampler.c">
      <Filter>libs\prof</Filter>
    </ClCompile>
    <ClCompile Include="libs\gum\prof\gumprofiler.c">
      <Filter>libs\prof</Filter>
    </ClCompile>
    <ClCompile Include="libs\gum\prof\gumprofilereport.c">
      <Filter>libs\prof</Filter>
    </ClCompile>
    <ClCompile Include="libs\gum\prof\gumsampler.c">
      <Filter>libs\prof</Filter>
    </ClCompile>
    <ClCompile Include="libs\gum\prof\gumwallclocksampler.c">
      <Filter>libs\prof</Filter>
    </ClCompile>
    <ClCompile Include="libs\gum\heap\gumsanitychecker.c">
      <Filter>libs\heap</Filter>
    </ClCompile>
    <ClCompile Include="gum\backend-x86\guminterceptor-x86.c">
      <Filter>core\backend-x86</Filter>
    </ClCompile>
    <ClCompile Include="gum\gummemory.c">
      <Filter>core</Filter>
    </ClCompile>
    <ClCompile Include="gum\gummemoryaccessmonitor.c">
      <Filter>core</Filter>
    </ClCompile>
    <ClCompile Include="gum\gummemorymap.c">
      <Filter>core</Filter>
    </ClCompile>
    <ClCompile Include="libs\gum\heap\gumheapapi.c">
      <Filter>libs\heap</Filter>
    </ClCompile>
    <ClCompile Include="gum\backend-x86\gumclosure-x86.c">
      <Filter>core\backend-x86</Filter>
    </ClCompile>
    <ClCompile Include="gum\gumscript.cpp">
      <Filter>core</Filter>
    </ClCompile>
    <ClCompile Include="gum\gumscriptcore.cpp">
      <Filter>core</Filter>
    </ClCompile>
    <ClCompile Include="gum\gumscriptmemory.cpp">
      <Filter>core</Filter>
    </ClCompile>
    <ClCompile Include="gum\gumscriptprocess.cpp">
      <Filter>core</Filter>
    </ClCompile>
    <ClCompile Include="gum\gumscriptthread.cpp">
      <Filter>core</Filter>
    </ClCompile>
    <ClCompile Include="gum\gumscriptmodule.cpp">
      <Filter>core</Filter>
    </ClCompile>
    <ClCompile Include="gum\gumscriptfile.cpp">
      <Filter>core</Filter>
    </ClCompile>
    <ClCompile Include="gum\gumscriptsocket.cpp">
      <Filter>core</Filter>
    </ClCompile>
    <ClCompile Include="gum\gumscriptinterceptor.cpp">
      <Filter>core</Filter>
    </ClCompile>
    <ClCompile Include="gum\gumscriptstalker.cpp">
      <Filter>core</Filter>
    </ClCompile>
    <ClCompile Include="gum\gumscripteventsink.cpp">
      <Filter>core</Filter>
    </ClCompile>
    <ClCompile Include="gum\backend-windows\gumprocess-windows.c">
      <Filter>core\backend-windows</Filter>
    </ClCompile>
  </ItemGroup>
  <ItemGroup>
    <ClInclude Include="$(SolutionDir)udis86\libudis86\extern.h">
      <Filter>udis86</Filter>
    </ClInclude>
    <ClInclude Include="$(SolutionDir)udis86\udis86.h">
      <Filter>udis86</Filter>
    </ClInclude>
    <ClInclude Include="$(SolutionDir)udis86\libudis86\types.h">
      <Filter>udis86</Filter>
    </ClInclude>
    <ClInclude Include="$(SolutionDir)udis86\libudis86\syn.h">
      <Filter>udis86</Filter>
    </ClInclude>
    <ClInclude Include="gum\arch-x86\gumudis86.h">
      <Filter>core\arch-x86</Filter>
    </ClInclude>
    <ClInclude Include="gum\arch-x86\gumx86reader.h">
      <Filter>core\arch-x86</Filter>
    </ClInclude>
    <ClInclude Include="gum\arch-x86\gumx86relocator.h">
      <Filter>core\arch-x86</Filter>
    </ClInclude>
    <ClInclude Include="gum\arch-x86\gumx86writer.h">
      <Filter>core\arch-x86</Filter>
    </ClInclude>
    <ClInclude Include="gum\guminterceptor.h">
      <Filter>core</Filter>
    </ClInclude>
    <ClInclude Include="gum\gummemory.h">
      <Filter>core</Filter>
    </ClInclude>
    <ClInclude Include="gum\gummemorymap.h">
      <Filter>core</Filter>
    </ClInclude>
    <ClInclude Include="gum\gumdefs.h">
      <Filter>core</Filter>
    </ClInclude>
    <ClInclude Include="gum\gum.h">
      <Filter>core</Filter>
    </ClInclude>
    <ClInclude Include="gum\guminvocationlistener.h">
      <Filter>core</Filter>
    </ClInclude>
    <ClInclude Include="gum\gumarray.h">
      <Filter>core</Filter>
    </ClInclude>
    <ClInclude Include="gum\gumhash.h">
      <Filter>core</Filter>
    </ClInclude>
    <ClInclude Include="gum\gumlist.h">
      <Filter>core</Filter>
    </ClInclude>
    <ClInclude Include="$(SolutionDir)udis86\libudis86\decode.h">
      <Filter>udis86</Filter>
    </ClInclude>
    <ClInclude Include="$(IntDir)libudis86\itab.h">
      <Filter>udis86</Filter>
    </ClInclude>
    <ClInclude Include="gum\gumstalker.h">
      <Filter>core</Filter>
    </ClInclude>
    <ClInclude Include="gum\gumeventsink.h">
      <Filter>core</Filter>
    </ClInclude>
    <ClInclude Include="gum\backend-windows\gumwinexceptionhook.h">
      <Filter>core\backend-windows</Filter>
    </ClInclude>
    <ClInclude Include="gum\gumspinlock.h">
      <Filter>core</Filter>
    </ClInclude>
    <ClInclude Include="gum\gumscript.h">
      <Filter>core</Filter>
    </ClInclude>
    <ClInclude Include="gum\gumsymbolutil.h">
      <Filter>core</Filter>
    </ClInclude>
    <ClInclude Include="gum\gumcodeallocator.h">
      <Filter>core</Filter>
    </ClInclude>
    <ClInclude Include="gum\guminvocationcontext.h">
      <Filter>core</Filter>
    </ClInclude>
    <ClInclude Include="gum\gumsysinternals.h">
      <Filter>core</Filter>
    </ClInclude>
    <ClInclude Include="libs\gum\gum-heap.h">
      <Filter>libs</Filter>
    </ClInclude>
    <ClInclude Include="libs\gum\heap\gumpagepool.h">
      <Filter>libs\heap</Filter>
    </ClInclude>
    <ClInclude Include="libs\gum\heap\gumallocationblock.h">
      <Filter>libs\heap</Filter>
    </ClInclude>
    <ClInclude Include="libs\gum\heap\gumallocationgroup.h">
      <Filter>libs\heap</Filter>
    </ClInclude>
    <ClInclude Include="libs\gum\heap\gumallocationtracker.h">
      <Filter>libs\heap</Filter>
    </ClInclude>
    <ClInclude Include="libs\gum\heap\gumallocatorprobe.h">
      <Filter>libs\heap</Filter>
    </ClInclude>
    <ClInclude Include="libs\gum\heap\gumboundschecker.h">
      <Filter>libs\heap</Filter>
    </ClInclude>
    <ClInclude Include="libs\gum\heap\gumcobject.h">
      <Filter>libs\heap</Filter>
    </ClInclude>
    <ClInclude Include="libs\gum\heap\gumcobjecttracker.h">
      <Filter>libs\heap</Filter>
    </ClInclude>
    <ClInclude Include="libs\gum\heap\guminstancetracker.h">
      <Filter>libs\heap</Filter>
    </ClInclude>
    <ClInclude Include="gum\gumbacktracer.h">
      <Filter>core</Filter>
    </ClInclude>
    <ClInclude Include="gum\backend-dbghelp\gumdbghelp.h">
      <Filter>core\backend-dbghelp</Filter>
    </ClInclude>
    <ClInclude Include="gum\backend-dbghelp\gumdbghelpbacktracer.h">
      <Filter>core\backend-dbghelp</Filter>
    </ClInclude>
    <ClInclude Include="gum\gumreturnaddress.h">
      <Filter>core</Filter>
    </ClInclude>
    <ClInclude Include="libs\gum\gum-prof.h">
      <Filter>libs</Filter>
    </ClInclude>
    <ClInclude Include="libs\gum\prof\gumwallclocksampler.h">
      <Filter>libs\prof</Filter>
    </ClInclude>
    <ClInclude Include="libs\gum\prof\gumbusycyclesampler.h">
      <Filter>libs\prof</Filter>
    </ClInclude>
    <ClInclude Include="libs\gum\prof\gumcallcountsampler.h">
      <Filter>libs\prof</Filter>
    </ClInclude>
    <ClInclude Include="libs\gum\prof\gumcyclesampler.h">
      <Filter>libs\prof</Filter>
    </ClInclude>
    <ClInclude Include="libs\gum\prof\gummalloccountsampler.h">
      <Filter>libs\prof</Filter>
    </ClInclude>
    <ClInclude Include="libs\gum\prof\gumprofiler.h">
      <Filter>libs\prof</Filter>
    </ClInclude>
    <ClInclude Include="libs\gum\prof\gumprofilereport.h">
      <Filter>libs\prof</Filter>
    </ClInclude>
    <ClInclude Include="libs\gum\prof\gumsampler.h">
      <Filter>libs\prof</Filter>
    </ClInclude>
    <ClInclude Include="libs\gum\heap\gumsanitychecker.h">
      <Filter>libs\heap</Filter>
    </ClInclude>
    <ClInclude Include="gum\gumevent.h">
      <Filter>core</Filter>
    </ClInclude>
    <ClInclude Include="gum\gumfunction.h">
      <Filter>core</Filter>
    </ClInclude>
    <ClInclude Include="gum\guminterceptor-priv.h">
      <Filter>core</Filter>
    </ClInclude>
    <ClInclude Include="gum\gummemory-priv.h">
      <Filter>core</Filter>
    </ClInclude>
    <ClInclude Include="gum\gumsymbolutil-priv.h">
      <Filter>core</Filter>
    </ClInclude>
    <ClInclude Include="gum\gumtls.h">
      <Filter>core</Filter>
    </ClInclude>
    <ClInclude Include="gum\backend-windows\gumwindows.h">
      <Filter>core\backend-windows</Filter>
    </ClInclude>
    <ClInclude Include="gum\gummemoryaccessmonitor.h">
      <Filter>core</Filter>
    </ClInclude>
    <ClInclude Include="libs\gum\heap\gumheapapi.h">
      <Filter>libs\heap</Filter>
    </ClInclude>
    <ClInclude Include="libs\gum\heap\gumallocatorprobe-priv.h">
      <Filter>libs\heap</Filter>
    </ClInclude>
    <ClInclude Include="gum\gumclosure.h">
      <Filter>core</Filter>
    </ClInclude>
    <ClInclude Include="gum\gumscript-priv.h">
      <Filter>core</Filter>
    </ClInclude>
    <ClInclude Include="gum\gumscript-runtime.h">
      <Filter>core</Filter>
    </ClInclude>
    <ClInclude Include="gum\gumscriptscope.h">
      <Filter>core</Filter>
    </ClInclude>
    <ClInclude Include="gum\gumscriptcore.h">
      <Filter>core</Filter>
    </ClInclude>
    <ClInclude Include="gum\gumscriptmemory.h">
      <Filter>core</Filter>
    </ClInclude>
    <ClInclude Include="gum\gumscriptprocess.h">
      <Filter>core</Filter>
    </ClInclude>
    <ClInclude Include="gum\gumscriptthread.h">
      <Filter>core</Filter>
    </ClInclude>
    <ClInclude Include="gum\gumscriptmodule.h">
      <Filter>core</Filter>
    </ClInclude>
    <ClInclude Include="gum\gumscriptfile.h">
      <Filter>core</Filter>
    </ClInclude>
    <ClInclude Include="gum\gumscriptsocket.h">
      <Filter>core</Filter>
    </ClInclude>
    <ClInclude Include="gum\gumscriptinterceptor.h">
      <Filter>core</Filter>
    </ClInclude>
    <ClInclude Include="gum\gumscriptstalker.h">
      <Filter>core</Filter>
    </ClInclude>
    <ClInclude Include="gum\gumscripteventsink.h">
      <Filter>core</Filter>
    </ClInclude>
    <ClInclude Include="$(SolutionDir)udis86\libudis86\udint.h">
      <Filter>udis86</Filter>
    </ClInclude>
  </ItemGroup>
  <ItemGroup>
    <None Include="vapi\gum-1.0.vapi">
      <Filter>vapi</Filter>
    </None>
  </ItemGroup>
  <ItemGroup>
    <CustomBuild Include="..\udis86\docs\x86\optable.xml">
      <Filter>udis86</Filter>
    </CustomBuild>
  </ItemGroup>
</Project>
