<?xml version="1.0" encoding="utf-8"?>
<Project ToolsVersion="4.0" xmlns="http://schemas.microsoft.com/developer/msbuild/2003">
  <ItemGroup>
    <ClCompile Include="gumscript.c">
      <Filter>common</Filter>
    </ClCompile>
    <ClCompile Include="gumscriptbackend.c">
      <Filter>common</Filter>
    </ClCompile>
    <ClCompile Include="gumscriptscheduler.c">
      <Filter>common</Filter>
    </ClCompile>
    <ClCompile Include="gumscripttask.c">
      <Filter>common</Filter>
    </ClCompile>
    <ClCompile Include="gumsourcemap.c">
      <Filter>common</Filter>
    </ClCompile>
    <ClCompile Include="gumdukcompat.c">
      <Filter>duk</Filter>
    </ClCompile>
    <ClCompile Include="duktape.c">
      <Filter>duk</Filter>
    </ClCompile>
    <ClCompile Include="gumdukbundle.c">
      <Filter>duk</Filter>
    </ClCompile>
    <ClCompile Include="gumdukcore.c">
      <Filter>duk</Filter>
    </ClCompile>
    <ClCompile Include="gumdukkernel.c">
      <Filter>duk</Filter>
    </ClCompile>
    <ClCompile Include="gumdukfile.c">
      <Filter>duk</Filter>
    </ClCompile>
    <ClCompile Include="gumdukinstruction.c">
      <Filter>duk</Filter>
    </ClCompile>
    <ClCompile Include="gumdukinterceptor.c">
      <Filter>duk</Filter>
    </ClCompile>
    <ClCompile Include="gumdukmemory.c">
      <Filter>duk</Filter>
    </ClCompile>
    <ClCompile Include="gumdukmodule.c">
      <Filter>duk</Filter>
    </ClCompile>
    <ClCompile Include="gumdukprocess.c">
      <Filter>duk</Filter>
    </ClCompile>
    <ClCompile Include="gumdukscript.c">
      <Filter>duk</Filter>
    </ClCompile>
    <ClCompile Include="gumdukscriptbackend.c">
      <Filter>duk</Filter>
    </ClCompile>
    <ClCompile Include="gumdukstream.c">
      <Filter>duk</Filter>
    </ClCompile>
    <ClCompile Include="gumduksocket.c">
      <Filter>duk</Filter>
    </ClCompile>
    <ClCompile Include="gumdukstalker.c">
      <Filter>duk</Filter>
    </ClCompile>
    <ClCompile Include="gumduksampler.c">
      <Filter>duk</Filter>
    </ClCompile>
    <ClCompile Include="gumdukapiresolver.c">
      <Filter>duk</Filter>
    </ClCompile>
    <ClCompile Include="gumduksymbol.c">
      <Filter>duk</Filter>
    </ClCompile>
    <ClCompile Include="gumdukthread.c">
      <Filter>duk</Filter>
    </ClCompile>
    <ClCompile Include="gumdukvalue.c">
      <Filter>duk</Filter>
    </ClCompile>
    <ClCompile Include="gumdukobject.c">
      <Filter>duk</Filter>
    </ClCompile>
    <ClCompile Include="gumv8bundle.cpp">
      <Filter>v8</Filter>
    </ClCompile>
    <ClCompile Include="gumv8core.cpp">
      <Filter>v8</Filter>
    </ClCompile>
    <ClCompile Include="gumv8eventsink.cpp">
      <Filter>v8</Filter>
    </ClCompile>
    <ClCompile Include="gumv8file.cpp">
      <Filter>v8</Filter>
    </ClCompile>
    <ClCompile Include="gumv8instruction.cpp">
      <Filter>v8</Filter>
    </ClCompile>
    <ClCompile Include="gumv8interceptor.cpp">
      <Filter>v8</Filter>
    </ClCompile>
    <ClCompile Include="gumv8kernel.cpp">
      <Filter>v8</Filter>
    </ClCompile>
    <ClCompile Include="gumv8memory.cpp">
      <Filter>v8</Filter>
    </ClCompile>
    <ClCompile Include="gumv8module.cpp">
      <Filter>v8</Filter>
    </ClCompile>
    <ClCompile Include="gumv8platform.cpp">
      <Filter>v8</Filter>
    </ClCompile>
    <ClCompile Include="gumv8process.cpp">
      <Filter>v8</Filter>
    </ClCompile>
    <ClCompile Include="gumv8scope.cpp">
      <Filter>v8</Filter>
    </ClCompile>
    <ClCompile Include="gumv8value.cpp">
      <Filter>v8</Filter>
    </ClCompile>
    <ClCompile Include="gumv8object.cpp">
      <Filter>v8</Filter>
    </ClCompile>
    <ClCompile Include="gumv8script.cpp">
      <Filter>v8</Filter>
    </ClCompile>
    <ClCompile Include="gumv8scriptbackend.cpp">
      <Filter>v8</Filter>
    </ClCompile>
    <ClCompile Include="gumv8stream.cpp">
      <Filter>v8</Filter>
    </ClCompile>
    <ClCompile Include="gumv8socket.cpp">
      <Filter>v8</Filter>
    </ClCompile>
    <ClCompile Include="gumv8stalker.cpp">
      <Filter>v8</Filter>
    </ClCompile>
    <ClCompile Include="gumv8apiresolver.cpp">
      <Filter>v8</Filter>
    </ClCompile>
    <ClCompile Include="gumv8symbol.cpp">
      <Filter>v8</Filter>
    </ClCompile>
    <ClCompile Include="gumv8thread.cpp">
      <Filter>v8</Filter>
    </ClCompile>
  </ItemGroup>
  <ItemGroup>
    <ClInclude Include="$(IntDir)gumjs\gumv8script-runtime.h">
      <Filter>runtime\generated</Filter>
    </ClInclude>
    <ClInclude Include="$(IntDir)gumjs\gumv8script-debug.h">
      <Filter>runtime\generated</Filter>
    </ClInclude>
    <ClInclude Include="gumscript.h">
      <Filter>common</Filter>
    </ClInclude>
    <ClInclude Include="gumscriptbackend.h">
      <Filter>common</Filter>
    </ClInclude>
    <ClInclude Include="gumscriptscheduler.h">
      <Filter>common</Filter>
    </ClInclude>
    <ClInclude Include="gumscripttask.h">
      <Filter>common</Filter>
    </ClInclude>
    <ClInclude Include="gumsourcemap.h">
      <Filter>common</Filter>
    </ClInclude>
    <ClInclude Include="gumdukcompat.h">
      <Filter>duk</Filter>
    </ClInclude>
    <ClInclude Include="duk_config.h">
      <Filter>duk</Filter>
    </ClInclude>
    <ClInclude Include="duktape.h">
      <Filter>duk</Filter>
    </ClInclude>
    <ClInclude Include="gumdukbundle.h">
      <Filter>duk</Filter>
    </ClInclude>
    <ClInclude Include="gumdukcore.h">
      <Filter>duk</Filter>
    </ClInclude>
    <ClInclude Include="gumdukkernel.h">
      <Filter>duk</Filter>
    </ClInclude>
    <ClInclude Include="gumdukfile.h">
      <Filter>duk</Filter>
    </ClInclude>
    <ClInclude Include="gumdukinstruction.h">
      <Filter>duk</Filter>
    </ClInclude>
    <ClInclude Include="gumdukinterceptor.h">
      <Filter>duk</Filter>
    </ClInclude>
    <ClInclude Include="gumdukmacros.h">
      <Filter>duk</Filter>
    </ClInclude>
    <ClInclude Include="gumdukmemory.h">
      <Filter>duk</Filter>
    </ClInclude>
    <ClInclude Include="gumdukmodule.h">
      <Filter>duk</Filter>
    </ClInclude>
    <ClInclude Include="gumdukprocess.h">
      <Filter>duk</Filter>
    </ClInclude>
    <ClInclude Include="gumdukscript.h">
      <Filter>duk</Filter>
    </ClInclude>
    <ClInclude Include="gumdukscriptbackend.h">
      <Filter>duk</Filter>
    </ClInclude>
    <ClInclude Include="gumdukscript-priv.h">
      <Filter>duk</Filter>
    </ClInclude>
    <ClInclude Include="gumdukstream.h">
      <Filter>duk</Filter>
    </ClInclude>
    <ClInclude Include="gumduksocket.h">
      <Filter>duk</Filter>
    </ClInclude>
    <ClInclude Include="gumdukstalker.h">
      <Filter>duk</Filter>
    </ClInclude>
    <ClInclude Include="gumduksampler.h">
      <Filter>duk</Filter>
    </ClInclude>
    <ClInclude Include="gumdukapiresolver.h">
      <Filter>duk</Filter>
    </ClInclude>
    <ClInclude Include="gumduksymbol.h">
      <Filter>duk</Filter>
    </ClInclude>
    <ClInclude Include="gumdukthread.h">
      <Filter>duk</Filter>
    </ClInclude>
    <ClInclude Include="gumdukvalue.h">
      <Filter>duk</Filter>
    </ClInclude>
    <ClInclude Include="gumdukobject.h">
      <Filter>duk</Filter>
    </ClInclude>
    <ClInclude Include="gumv8bundle.h">
      <Filter>v8</Filter>
    </ClInclude>
    <ClInclude Include="gumv8macros.h">
      <Filter>v8</Filter>
    </ClInclude>
    <ClInclude Include="gumv8core.h">
      <Filter>v8</Filter>
    </ClInclude>
    <ClInclude Include="gumv8eventsink.h">
      <Filter>v8</Filter>
    </ClInclude>
    <ClInclude Include="gumv8file.h">
      <Filter>v8</Filter>
    </ClInclude>
    <ClInclude Include="gumv8instruction.h">
      <Filter>v8</Filter>
    </ClInclude>
    <ClInclude Include="gumv8interceptor.h">
      <Filter>v8</Filter>
    </ClInclude>
    <ClInclude Include="gumv8kernel.h">
      <Filter>v8</Filter>
    </ClInclude>
    <ClInclude Include="gumv8memory.h">
      <Filter>v8</Filter>
    </ClInclude>
    <ClInclude Include="gumv8module.h">
      <Filter>v8</Filter>
    </ClInclude>
    <ClInclude Include="gumv8platform.h">
      <Filter>v8</Filter>
    </ClInclude>
    <ClInclude Include="gumv8process.h">
      <Filter>v8</Filter>
    </ClInclude>
    <ClInclude Include="gumv8scope.h">
      <Filter>v8</Filter>
    </ClInclude>
    <ClInclude Include="gumv8value.h">
      <Filter>v8</Filter>
    </ClInclude>
    <ClInclude Include="gumv8object.h">
      <Filter>v8</Filter>
    </ClInclude>
    <ClInclude Include="gumv8script.h">
      <Filter>v8</Filter>
    </ClInclude>
    <ClInclude Include="gumv8scriptbackend.h">
      <Filter>v8</Filter>
    </ClInclude>
    <ClInclude Include="gumv8script-priv.h">
      <Filter>v8</Filter>
    </ClInclude>
    <ClInclude Include="gumv8stream.h">
      <Filter>v8</Filter>
    </ClInclude>
    <ClInclude Include="gumv8socket.h">
      <Filter>v8</Filter>
    </ClInclude>
    <ClInclude Include="gumv8stalker.h">
      <Filter>v8</Filter>
    </ClInclude>
    <ClInclude Include="gumv8apiresolver.h">
      <Filter>v8</Filter>
    </ClInclude>
    <ClInclude Include="gumv8symbol.h">
      <Filter>v8</Filter>
    </ClInclude>
    <ClInclude Include="gumv8thread.h">
      <Filter>v8</Filter>
    </ClInclude>
    <ClInclude Include="$(IntDir)gumjs\gumdukscript-runtime.h">
      <Filter>runtime\generated</Filter>
    </ClInclude>
  </ItemGroup>
  <ItemGroup>
    <Filter Include="vapi">
      <UniqueIdentifier>{4ff23b15-17f8-410f-9acb-0f0c04b81c0d}</UniqueIdentifier>
    </Filter>
    <Filter Include="runtime">
      <UniqueIdentifier>{f23cf517-9420-47e4-82ec-0e4c9e360f73}</UniqueIdentifier>
    </Filter>
    <Filter Include="runtime\generated">
      <UniqueIdentifier>{01d728bb-5e76-435e-bc5a-6b88946c51ea}</UniqueIdentifier>
    </Filter>
    <Filter Include="common">
      <UniqueIdentifier>{1f738122-10e2-4a1d-b97d-383fdd3a2c10}</UniqueIdentifier>
    </Filter>
    <Filter Include="duk">
      <UniqueIdentifier>{b93dd7fc-d337-48a8-a0a8-9d5065283a3e}</UniqueIdentifier>
    </Filter>
    <Filter Include="v8">
      <UniqueIdentifier>{f123372e-85cf-470a-9209-46be608567b6}</UniqueIdentifier>
    </Filter>
  </ItemGroup>
  <ItemGroup>
    <None Include="..\..\vapi\frida-gumjs-1.0.vapi">
      <Filter>vapi</Filter>
    </None>
    <None Include="runtime\entrypoint-v8.js">
      <Filter>runtime</Filter>
    </None>
    <None Include="runtime\entrypoint-duktape.js">
      <Filter>runtime</Filter>
    </None>
    <None Include="runtime\core.js">
      <Filter>runtime</Filter>
    </None>
    <None Include="runtime\message-dispatcher.js">
      <Filter>runtime</Filter>
    </None>
    <None Include="runtime\error-handler-v8.js">
      <Filter>runtime</Filter>
    </None>
    <None Include="runtime\error-handler-duktape.js">
      <Filter>runtime</Filter>
    </None>
    <None Include="runtime\console.js">
      <Filter>runtime</Filter>
    </None>
    <None Include="runtime\hexdump.js">
      <Filter>runtime</Filter>
    </None>
    <None Include="runtime\promise.js">
      <Filter>runtime</Filter>
    </None>
    <None Include="runtime\objc.js">
      <Filter>runtime</Filter>
    </None>
    <None Include="runtime\java.js">
      <Filter>runtime</Filter>
    </None>
    <None Include="frida-debug.js">
      <Filter>runtime</Filter>
    </None>
  </ItemGroup>
  <ItemGroup>
    <CustomBuild Include="generate-runtime.py">
      <Filter>runtime</Filter>
    </CustomBuild>
  </ItemGroup>
</Project>
