<?xml version="1.0" encoding="utf-8"?>
<Project ToolsVersion="4.0" xmlns="http://schemas.microsoft.com/developer/msbuild/2003">
  <ItemGroup>
    <ClCompile Include="gumscript.c" />
    <ClCompile Include="gumscriptbackend.c" />
    <ClCompile Include="gumscriptscheduler.c" />
    <ClCompile Include="gumscripttask.c" />
    <ClCompile Include="gumv8scriptbackend.cpp" />
    <ClCompile Include="gumv8script.cpp" />
    <ClCompile Include="gumv8platform.cpp" />
    <ClCompile Include="gumv8bundle.cpp" />
    <ClCompile Include="gumv8scope.cpp" />
    <ClCompile Include="gumv8core.cpp" />
    <ClCompile Include="gumv8kernel.cpp" />
    <ClCompile Include="gumv8memory.cpp" />
    <ClCompile Include="gumv8process.cpp" />
    <ClCompile Include="gumv8thread.cpp" />
    <ClCompile Include="gumv8module.cpp" />
    <ClCompile Include="gumv8file.cpp" />
    <ClCompile Include="gumv8socket.cpp" />
    <ClCompile Include="gumv8interceptor.cpp" />
    <ClCompile Include="gumv8stalker.cpp" />
    <ClCompile Include="gumv8eventsink.cpp" />
    <ClCompile Include="gumv8symbol.cpp" />
    <ClCompile Include="gumv8instruction.cpp" />
  </ItemGroup>
  <ItemGroup>
    <ClInclude Include="gumscript.h" />
    <ClInclude Include="gumscriptbackend.h" />
    <ClInclude Include="gumscriptscheduler.h" />
    <ClInclude Include="gumscripttask.h" />
    <ClInclude Include="gumv8scriptbackend.h" />
    <ClInclude Include="gumv8script.h" />
    <ClInclude Include="gumv8script-priv.h" />
    <ClInclude Include="gumv8platform.h" />
    <ClInclude Include="gumv8bundle.h" />
    <ClInclude Include="gumv8scope.h" />
    <ClInclude Include="gumv8core.h" />
    <ClInclude Include="gumv8kernel.h" />
    <ClInclude Include="gumv8memory.h" />
    <ClInclude Include="gumv8process.h" />
    <ClInclude Include="gumv8thread.h" />
    <ClInclude Include="gumv8module.h" />
    <ClInclude Include="gumv8file.h" />
    <ClInclude Include="gumv8socket.h" />
    <ClInclude Include="gumv8interceptor.h" />
    <ClInclude Include="gumv8stalker.h" />
    <ClInclude Include="gumv8eventsink.h" />
    <ClInclude Include="gumv8symbol.h" />
    <ClInclude Include="gumv8instruction.h" />
    <ClInclude Include="$(IntDir)gumjs\gumv8script-runtime.h">
      <Filter>runtime\generated</Filter>
    </ClInclude>
    <ClInclude Include="$(IntDir)gumjs\gumv8script-debug.h">
      <Filter>runtime\generated</Filter>
    </ClInclude>
  </ItemGroup>
  <ItemGroup>
    <Filter Include="vapi">
      <UniqueIdentifier>{4ff23b15-17f8-410f-9acb-0f0c04b81c0d}</UniqueIdentifier>
    </Filter>
    <Filter Include="runtime">
      <UniqueIdentifier>{f23cf517-9420-47e4-82ec-0e4c9e360f73}</UniqueIdentifier>
    </Filter>
    <Filter Include="runtime\generated">
      <UniqueIdentifier>{01d728bb-5e76-435e-bc5a-6b88946c51ea}</UniqueIdentifier>
    </Filter>
  </ItemGroup>
  <ItemGroup>
    <None Include="..\..\vapi\frida-gumjs-1.0.vapi">
      <Filter>vapi</Filter>
    </None>
    <None Include="gumscript-core.js">
      <Filter>runtime</Filter>
    </None>
    <None Include="gumscript-source-map.js">
      <Filter>runtime</Filter>
    </None>
    <None Include="gumscript-java.js">
      <Filter>runtime</Filter>
    </None>
    <None Include="gumscript-objc.js">
      <Filter>runtime</Filter>
    </None>
  </ItemGroup>
  <ItemGroup>
    <CustomBuild Include="generate-runtime.py">
      <Filter>runtime</Filter>
    </CustomBuild>
  </ItemGroup>
</Project>
