<?xml version="1.0" encoding="utf-8"?>
<Project ToolsVersion="4.0" xmlns="http://schemas.microsoft.com/developer/msbuild/2003">
  <ItemGroup>
    <ClCompile Include="gumscript.c">
      <Filter>common</Filter>
    </ClCompile>
    <ClCompile Include="gumscriptbackend.c">
      <Filter>common</Filter>
    </ClCompile>
    <ClCompile Include="gumscriptscheduler.c">
      <Filter>common</Filter>
    </ClCompile>
    <ClCompile Include="gumscripttask.c">
      <Filter>common</Filter>
    </ClCompile>
    <ClCompile Include="gumsourcemap.c">
      <Filter>common</Filter>
    </ClCompile>
    <ClCompile Include="gummemoryvfs.c">
      <Filter>common</Filter>
    </ClCompile>
    <ClCompile Include="gumffi.c">
      <Filter>common</Filter>
    </ClCompile>
    <ClCompile Include="gumv8bundle.cpp">
      <Filter>v8</Filter>
    </ClCompile>
    <ClCompile Include="gumv8core.cpp">
      <Filter>v8</Filter>
    </ClCompile>
    <ClCompile Include="gumv8eventsink.cpp">
      <Filter>v8</Filter>
    </ClCompile>
    <ClCompile Include="gumv8file.cpp">
      <Filter>v8</Filter>
    </ClCompile>
    <ClCompile Include="gumv8checksum.cpp">
      <Filter>v8</Filter>
    </ClCompile>
    <ClCompile Include="gumv8instruction.cpp">
      <Filter>v8</Filter>
    </ClCompile>
    <ClCompile Include="gumv8codewriter.cpp">
      <Filter>v8</Filter>
    </ClCompile>
    <ClCompile Include="gumv8coderelocator.cpp">
      <Filter>v8</Filter>
    </ClCompile>
    <ClCompile Include="gumv8interceptor.cpp">
      <Filter>v8</Filter>
    </ClCompile>
    <ClCompile Include="gumv8kernel.cpp">
      <Filter>v8</Filter>
    </ClCompile>
    <ClCompile Include="gumv8memory.cpp">
      <Filter>v8</Filter>
    </ClCompile>
    <ClCompile Include="gumv8module.cpp">
      <Filter>v8</Filter>
    </ClCompile>
    <ClCompile Include="gumv8platform.cpp">
      <Filter>v8</Filter>
    </ClCompile>
    <ClCompile Include="gumv8process.cpp">
      <Filter>v8</Filter>
    </ClCompile>
    <ClCompile Include="gumv8scope.cpp">
      <Filter>v8</Filter>
    </ClCompile>
    <ClCompile Include="gumv8value.cpp">
      <Filter>v8</Filter>
    </ClCompile>
    <ClCompile Include="gumv8object.cpp">
      <Filter>v8</Filter>
    </ClCompile>
    <ClCompile Include="gumv8script.cpp">
      <Filter>v8</Filter>
    </ClCompile>
    <ClCompile Include="gumv8scriptbackend.cpp">
      <Filter>v8</Filter>
    </ClCompile>
    <ClCompile Include="gumv8stream.cpp">
      <Filter>v8</Filter>
    </ClCompile>
    <ClCompile Include="gumv8socket.cpp">
      <Filter>v8</Filter>
    </ClCompile>
    <ClCompile Include="gumv8database.cpp">
      <Filter>v8</Filter>
    </ClCompile>
    <ClCompile Include="gumv8stalker.cpp">
      <Filter>v8</Filter>
    </ClCompile>
    <ClCompile Include="gumv8apiresolver.cpp">
      <Filter>v8</Filter>
    </ClCompile>
    <ClCompile Include="gumv8symbol.cpp">
      <Filter>v8</Filter>
    </ClCompile>
    <ClCompile Include="gumv8thread.cpp">
      <Filter>v8</Filter>
    </ClCompile>
    <ClCompile Include="gumcmodule.c">
      <Filter>common</Filter>
    </ClCompile>
    <ClCompile Include="gumv8cmodule.cpp">
      <Filter>v8</Filter>
    </ClCompile>
    <ClCompile Include="gumquickapiresolver.c">
      <Filter>quick</Filter>
    </ClCompile>
    <ClCompile Include="gumquickbundle.c">
      <Filter>quick</Filter>
    </ClCompile>
    <ClCompile Include="gumquickcmodule.c">
      <Filter>quick</Filter>
    </ClCompile>
    <ClCompile Include="gumquickcoderelocator.c">
      <Filter>quick</Filter>
    </ClCompile>
    <ClCompile Include="gumquickcodewriter.c">
      <Filter>quick</Filter>
    </ClCompile>
    <ClCompile Include="gumquickcore.c">
      <Filter>quick</Filter>
    </ClCompile>
    <ClCompile Include="gumquickdatabase.c">
      <Filter>quick</Filter>
    </ClCompile>
    <ClCompile Include="gumquickeventsink.c">
      <Filter>quick</Filter>
    </ClCompile>
    <ClCompile Include="gumquickfile.c">
      <Filter>quick</Filter>
    </ClCompile>
    <ClCompile Include="gumquickchecksum.c">
      <Filter>quick</Filter>
    </ClCompile>
    <ClCompile Include="gumquickinstruction.c">
      <Filter>quick</Filter>
    </ClCompile>
    <ClCompile Include="gumquickinterceptor.c">
      <Filter>quick</Filter>
    </ClCompile>
    <ClCompile Include="gumquickkernel.c">
      <Filter>quick</Filter>
    </ClCompile>
    <ClCompile Include="gumquickmemory.c">
      <Filter>quick</Filter>
    </ClCompile>
    <ClCompile Include="gumquickmodule.c">
      <Filter>quick</Filter>
    </ClCompile>
    <ClCompile Include="gumquickobject.c">
      <Filter>quick</Filter>
    </ClCompile>
    <ClCompile Include="gumquickprocess.c">
      <Filter>quick</Filter>
    </ClCompile>
    <ClCompile Include="gumquickscript.c">
      <Filter>quick</Filter>
    </ClCompile>
    <ClCompile Include="gumquickscriptbackend.c">
      <Filter>quick</Filter>
    </ClCompile>
    <ClCompile Include="gumquicksocket.c">
      <Filter>quick</Filter>
    </ClCompile>
    <ClCompile Include="gumquickstalker.c">
      <Filter>quick</Filter>
    </ClCompile>
    <ClCompile Include="gumquickstream.c">
      <Filter>quick</Filter>
    </ClCompile>
    <ClCompile Include="gumquicksymbol.c">
      <Filter>quick</Filter>
    </ClCompile>
    <ClCompile Include="gumquickthread.c">
      <Filter>quick</Filter>
    </ClCompile>
    <ClCompile Include="gumquickvalue.c">
      <Filter>quick</Filter>
    </ClCompile>
    <ClCompile Include="gumquickcloak.c">
      <Filter>quick</Filter>
    </ClCompile>
    <ClCompile Include="gumv8cloak.cpp">
      <Filter>v8</Filter>
    </ClCompile>
  </ItemGroup>
  <ItemGroup>
    <ClInclude Include="$(IntDir)gumjs\gumv8script-runtime.h">
      <Filter>runtime\generated</Filter>
    </ClInclude>
    <ClInclude Include="gumscript.h">
      <Filter>common</Filter>
    </ClInclude>
    <ClInclude Include="gumscriptbackend.h">
      <Filter>common</Filter>
    </ClInclude>
    <ClInclude Include="gumscriptscheduler.h">
      <Filter>common</Filter>
    </ClInclude>
    <ClInclude Include="gumscripttask.h">
      <Filter>common</Filter>
    </ClInclude>
    <ClInclude Include="gumsourcemap.h">
      <Filter>common</Filter>
    </ClInclude>
    <ClInclude Include="gummemoryvfs.h">
      <Filter>common</Filter>
    </ClInclude>
    <ClInclude Include="gumffi.h">
      <Filter>common</Filter>
    </ClInclude>
    <ClInclude Include="gumv8bundle.h">
      <Filter>v8</Filter>
    </ClInclude>
    <ClInclude Include="gumv8macros.h">
      <Filter>v8</Filter>
    </ClInclude>
    <ClInclude Include="gumv8core.h">
      <Filter>v8</Filter>
    </ClInclude>
    <ClInclude Include="gumv8eventsink.h">
      <Filter>v8</Filter>
    </ClInclude>
    <ClInclude Include="gumv8file.h">
      <Filter>v8</Filter>
    </ClInclude>
    <ClInclude Include="gumv8checksum.h">
      <Filter>v8</Filter>
    </ClInclude>
    <ClInclude Include="gumv8instruction.h">
      <Filter>v8</Filter>
    </ClInclude>
    <ClInclude Include="gumv8codewriter.h">
      <Filter>v8</Filter>
    </ClInclude>
    <ClInclude Include="gumv8coderelocator.h">
      <Filter>v8</Filter>
    </ClInclude>
    <ClInclude Include="gumv8interceptor.h">
      <Filter>v8</Filter>
    </ClInclude>
    <ClInclude Include="gumv8kernel.h">
      <Filter>v8</Filter>
    </ClInclude>
    <ClInclude Include="gumv8memory.h">
      <Filter>v8</Filter>
    </ClInclude>
    <ClInclude Include="gumv8module.h">
      <Filter>v8</Filter>
    </ClInclude>
    <ClInclude Include="gumv8platform.h">
      <Filter>v8</Filter>
    </ClInclude>
    <ClInclude Include="gumv8process.h">
      <Filter>v8</Filter>
    </ClInclude>
    <ClInclude Include="gumv8scope.h">
      <Filter>v8</Filter>
    </ClInclude>
    <ClInclude Include="gumv8matchcontext.h">
      <Filter>v8</Filter>
    </ClInclude>
    <ClInclude Include="gumv8value.h">
      <Filter>v8</Filter>
    </ClInclude>
    <ClInclude Include="gumv8object.h">
      <Filter>v8</Filter>
    </ClInclude>
    <ClInclude Include="gumv8script.h">
      <Filter>v8</Filter>
    </ClInclude>
    <ClInclude Include="gumv8scriptbackend.h">
      <Filter>v8</Filter>
    </ClInclude>
    <ClInclude Include="gumv8script-priv.h">
      <Filter>v8</Filter>
    </ClInclude>
    <ClInclude Include="gumv8stream.h">
      <Filter>v8</Filter>
    </ClInclude>
    <ClInclude Include="gumv8socket.h">
      <Filter>v8</Filter>
    </ClInclude>
    <ClInclude Include="gumv8database.h">
      <Filter>v8</Filter>
    </ClInclude>
    <ClInclude Include="gumv8stalker.h">
      <Filter>v8</Filter>
    </ClInclude>
    <ClInclude Include="gumv8apiresolver.h">
      <Filter>v8</Filter>
    </ClInclude>
    <ClInclude Include="gumv8symbol.h">
      <Filter>v8</Filter>
    </ClInclude>
    <ClInclude Include="gumv8thread.h">
      <Filter>v8</Filter>
    </ClInclude>
    <ClInclude Include="gumcmodule.h">
      <Filter>common</Filter>
    </ClInclude>
    <ClInclude Include="gumv8cmodule.h">
      <Filter>v8</Filter>
    </ClInclude>
    <ClInclude Include="$(IntDir)gumjs\gumcmodule-runtime.h">
      <Filter>runtime\generated</Filter>
    </ClInclude>
    <ClInclude Include="gumquickapiresolver.h">
      <Filter>quick</Filter>
    </ClInclude>
    <ClInclude Include="gumquickbundle.h">
      <Filter>quick</Filter>
    </ClInclude>
    <ClInclude Include="gumquickcmodule.h">
      <Filter>quick</Filter>
    </ClInclude>
    <ClInclude Include="gumquickcoderelocator.h">
      <Filter>quick</Filter>
    </ClInclude>
    <ClInclude Include="gumquickcodewriter.h">
      <Filter>quick</Filter>
    </ClInclude>
    <ClInclude Include="gumquickcore.h">
      <Filter>quick</Filter>
    </ClInclude>
    <ClInclude Include="gumquickdatabase.h">
      <Filter>quick</Filter>
    </ClInclude>
    <ClInclude Include="gumquickeventsink.h">
      <Filter>quick</Filter>
    </ClInclude>
    <ClInclude Include="gumquickfile.h">
      <Filter>quick</Filter>
    </ClInclude>
    <ClInclude Include="gumquickchecksum.h">
      <Filter>quick</Filter>
    </ClInclude>
    <ClInclude Include="gumquickinstruction.h">
      <Filter>quick</Filter>
    </ClInclude>
    <ClInclude Include="gumquickinterceptor.h">
      <Filter>quick</Filter>
    </ClInclude>
    <ClInclude Include="gumquickkernel.h">
      <Filter>quick</Filter>
    </ClInclude>
    <ClInclude Include="gumquickmacros.h">
      <Filter>quick</Filter>
    </ClInclude>
    <ClInclude Include="gumquickmemory.h">
      <Filter>quick</Filter>
    </ClInclude>
    <ClInclude Include="gumquickmodule.h">
      <Filter>quick</Filter>
    </ClInclude>
    <ClInclude Include="gumquickobject.h">
      <Filter>quick</Filter>
    </ClInclude>
    <ClInclude Include="gumquickprocess.h">
      <Filter>quick</Filter>
    </ClInclude>
    <ClInclude Include="gumquickscript.h">
      <Filter>quick</Filter>
    </ClInclude>
    <ClInclude Include="gumquickscriptbackend.h">
      <Filter>quick</Filter>
    </ClInclude>
    <ClInclude Include="gumquickscript-priv.h">
      <Filter>quick</Filter>
    </ClInclude>
    <ClInclude Include="$(IntDir)gumjs\gumquickscript-runtime.h">
      <Filter>quick</Filter>
    </ClInclude>
    <ClInclude Include="gumquicksocket.h">
      <Filter>quick</Filter>
    </ClInclude>
    <ClInclude Include="gumquickstalker.h">
      <Filter>quick</Filter>
    </ClInclude>
    <ClInclude Include="gumquickstream.h">
      <Filter>quick</Filter>
    </ClInclude>
    <ClInclude Include="gumquicksymbol.h">
      <Filter>quick</Filter>
    </ClInclude>
    <ClInclude Include="gumquickthread.h">
      <Filter>quick</Filter>
    </ClInclude>
    <ClInclude Include="gumquickvalue.h">
      <Filter>quick</Filter>
    </ClInclude>
    <ClInclude Include="gumquickscriptbackend-priv.h">
      <Filter>quick</Filter>
    </ClInclude>
    <ClInclude Include="gumquickcloak.h">
      <Filter>quick</Filter>
    </ClInclude>
    <ClInclude Include="gumv8cloak.h">
      <Filter>v8</Filter>
    </ClInclude>
  </ItemGroup>
  <ItemGroup>
    <Filter Include="vapi">
      <UniqueIdentifier>{ac14c7bb-0373-4d88-9834-7c34e03a8aff}</UniqueIdentifier>
    </Filter>
    <Filter Include="runtime">
      <UniqueIdentifier>{0752e258-28de-4a57-9ff0-cfbe6e864665}</UniqueIdentifier>
    </Filter>
    <Filter Include="runtime\generated">
      <UniqueIdentifier>{c763fec5-3d60-4875-96d0-d9bbf8ba5a86}</UniqueIdentifier>
    </Filter>
    <Filter Include="common">
      <UniqueIdentifier>{c52af9d4-8a10-4e96-a40d-ee9295942182}</UniqueIdentifier>
    </Filter>
    <Filter Include="v8">
      <UniqueIdentifier>{0144e98e-6ffa-4a8b-a194-591e0e73636d}</UniqueIdentifier>
    </Filter>
    <Filter Include="runtime\cmodule">
      <UniqueIdentifier>{6ad23581-e12b-47d7-80a5-0f7d602503c9}</UniqueIdentifier>
    </Filter>
    <Filter Include="runtime\cmodule\gum">
      <UniqueIdentifier>{532af58d-0da9-473c-a50e-14d7e072bbdf}</UniqueIdentifier>
    </Filter>
    <Filter Include="quick">
      <UniqueIdentifier>{36e6dbac-b737-46ef-9a14-8ac5c9367f08}</UniqueIdentifier>
    </Filter>
    <Filter Include="runtime\cmodule\json-glib">
      <UniqueIdentifier>{7e74d778-c2ae-4ca9-83fd-2cd215caaa7b}</UniqueIdentifier>
    </Filter>
  </ItemGroup>
  <ItemGroup>
    <None Include="..\..\vapi\frida-gumjs-1.0.vapi">
      <Filter>vapi</Filter>
    </None>
    <None Include="runtime\entrypoint-v8.js">
      <Filter>runtime</Filter>
    </None>
    <None Include="runtime\core.js">
      <Filter>runtime</Filter>
    </None>
    <None Include="runtime\message-dispatcher.js">
      <Filter>runtime</Filter>
    </None>
    <None Include="runtime\error-handler-v8.js">
      <Filter>runtime</Filter>
    </None>
    <None Include="runtime\console.js">
      <Filter>runtime</Filter>
    </None>
    <None Include="runtime\hexdump.js">
      <Filter>runtime</Filter>
    </None>
    <None Include="runtime\worker.js">
      <Filter>runtime</Filter>
    </None>
    <None Include="runtime\objc.js">
      <Filter>runtime</Filter>
    </None>
    <None Include="runtime\java.js">
      <Filter>runtime</Filter>
    </None>
    <None Include="runtime\cmodule\glib.h">
      <Filter>runtime\cmodule</Filter>
    </None>
    <None Include="runtime\cmodule-tcc\string.h">
      <Filter>runtime\cmodule</Filter>
    </None>
    <None Include="runtime\cmodule-tcc\inttypes.h">
      <Filter>runtime\cmodule</Filter>
    </None>
    <None Include="runtime\cmodule-tcc\stdint.h">
      <Filter>runtime\cmodule</Filter>
    </None>
    <None Include="runtime\cmodule-tcc\stdio.h">
      <Filter>runtime\cmodule</Filter>
    </None>
    <None Include="runtime\cmodule-tcc\stdlib.h">
      <Filter>runtime\cmodule</Filter>
    </None>
    <None Include="runtime\cmodule\gum\gumdefs.h">
      <Filter>runtime\cmodule\gum</Filter>
    </None>
    <None Include="runtime\cmodule\gum\gumprocess.h">
      <Filter>runtime\cmodule\gum</Filter>
    </None>
    <None Include="runtime\cmodule\gum\gummodulemap.h">
      <Filter>runtime\cmodule\gum</Filter>
    </None>
    <None Include="runtime\cmodule\gum\gummemory.h">
      <Filter>runtime\cmodule\gum</Filter>
    </None>
    <None Include="runtime\cmodule\gum\guminterceptor.h">
      <Filter>runtime\cmodule\gum</Filter>
    </None>
    <None Include="runtime\cmodule\gum\gumstalker.h">
      <Filter>runtime\cmodule\gum</Filter>
    </None>
    <None Include="runtime\cmodule\gum\gummetalarray.h">
      <Filter>runtime\cmodule\gum</Filter>
    </None>
    <None Include="runtime\cmodule\gum\gummetalhash.h">
      <Filter>runtime\cmodule\gum</Filter>
    </None>
    <None Include="runtime\cmodule\gum\gumspinlock.h">
      <Filter>runtime\cmodule\gum</Filter>
    </None>
    <None Include="runtime\cmodule\json-glib\json-glib.h">
      <Filter>runtime\cmodule\json-glib</Filter>
    </None>
    <None Include="runtime\entrypoint-quickjs.js">
      <Filter>runtime</Filter>
    </None>
    <None Include="runtime\error-handler-quickjs.js">
      <Filter>runtime</Filter>
    </None>
    <None Include="runtime\cmodule\gum\gumtls.h">
      <Filter>runtime\cmodule\gum</Filter>
    </None>
    <None Include="runtime\swift.js">
      <Filter>runtime</Filter>
    </None>
  </ItemGroup>
  <ItemGroup>
    <CustomBuild Include="generate-bindings.py">
      <Filter>common</Filter>
    </CustomBuild>
    <CustomBuild Include="generate-runtime.py">
      <Filter>runtime</Filter>
    </CustomBuild>
  </ItemGroup>
</Project>