<?xml version="1.0" encoding="utf-8"?>
<Project ToolsVersion="4.0" xmlns="http://schemas.microsoft.com/developer/msbuild/2003">
  <ItemGroup>
    <ClCompile Include="gumscript.cpp" />
    <ClCompile Include="gumscriptplatform.cpp" />
    <ClCompile Include="gumscriptbundle.cpp" />
    <ClCompile Include="gumscriptscheduler.c" />
    <ClCompile Include="gumscripttask.c" />
    <ClCompile Include="gumscriptscope.cpp" />
    <ClCompile Include="gumscriptcore.cpp" />
    <ClCompile Include="gumscriptkernel.cpp" />
    <ClCompile Include="gumscriptmemory.cpp" />
    <ClCompile Include="gumscriptprocess.cpp" />
    <ClCompile Include="gumscriptthread.cpp" />
    <ClCompile Include="gumscriptmodule.cpp" />
    <ClCompile Include="gumscriptfile.cpp" />
    <ClCompile Include="gumscriptsocket.cpp" />
    <ClCompile Include="gumscriptinterceptor.cpp" />
    <ClCompile Include="gumscriptstalker.cpp" />
    <ClCompile Include="gumscripteventsink.cpp" />
    <ClCompile Include="gumscriptsymbol.cpp" />
    <ClCompile Include="gumscriptinstruction.cpp" />
  </ItemGroup>
  <ItemGroup>
    <ClInclude Include="gumscript.h" />
    <ClInclude Include="gumscript-priv.h" />
    <ClInclude Include="gumscriptplatform.h" />
    <ClInclude Include="gumscriptbundle.h" />
    <ClInclude Include="gumscriptscheduler.h" />
    <ClInclude Include="gumscripttask.h" />
    <ClInclude Include="gumscriptscope.h" />
    <ClInclude Include="gumscriptcore.h" />
    <ClInclude Include="gumscriptkernel.h" />
    <ClInclude Include="gumscriptmemory.h" />
    <ClInclude Include="gumscriptprocess.h" />
    <ClInclude Include="gumscriptthread.h" />
    <ClInclude Include="gumscriptmodule.h" />
    <ClInclude Include="gumscriptfile.h" />
    <ClInclude Include="gumscriptsocket.h" />
    <ClInclude Include="gumscriptinterceptor.h" />
    <ClInclude Include="gumscriptstalker.h" />
    <ClInclude Include="gumscripteventsink.h" />
    <ClInclude Include="gumscriptsymbol.h" />
    <ClInclude Include="gumscriptinstruction.h" />
    <ClInclude Include="$(IntDir)gumjs\gumscript-debug.h">
      <Filter>runtime\generated</Filter>
    </ClInclude>
    <ClInclude Include="$(IntDir)gumjs\gumscript-runtime.h">
      <Filter>runtime\generated</Filter>
    </ClInclude>
  </ItemGroup>
  <ItemGroup>
    <Filter Include="vapi">
      <UniqueIdentifier>{ac14c7bb-0373-4d88-9834-7c34e03a8aff}</UniqueIdentifier>
    </Filter>
    <Filter Include="runtime">
      <UniqueIdentifier>{0752e258-28de-4a57-9ff0-cfbe6e864665}</UniqueIdentifier>
    </Filter>
    <Filter Include="runtime\generated">
      <UniqueIdentifier>{c763fec5-3d60-4875-96d0-d9bbf8ba5a86}</UniqueIdentifier>
    </Filter>
  </ItemGroup>
  <ItemGroup>
    <None Include="..\..\vapi\frida-gumjs-1.0.vapi">
      <Filter>vapi</Filter>
    </None>
    <None Include="gumscript-runtime-core.js">
      <Filter>runtime</Filter>
    </None>
    <None Include="gumscript-runtime-dalvik.js">
      <Filter>runtime</Filter>
    </None>
    <None Include="gumscript-runtime-objc.js">
      <Filter>runtime</Filter>
    </None>
  </ItemGroup>
  <ItemGroup>
    <CustomBuild Include="generate-runtime.py">
      <Filter>runtime</Filter>
    </CustomBuild>
  </ItemGroup>
</Project>
