<?xml version="1.0" encoding="utf-8"?>
<Project ToolsVersion="4.0" xmlns="http://schemas.microsoft.com/developer/msbuild/2003">
  <ItemGroup>
    <Filter Include="Source Files">
      <UniqueIdentifier>{4FC737F1-C7A5-4376-A066-2A32D752A2FF}</UniqueIdentifier>
      <Extensions>cpp;c;cc;cxx;def;odl;idl;hpj;bat;asm;asmx</Extensions>
    </Filter>
    <Filter Include="Header Files">
      <UniqueIdentifier>{93995380-89BD-4b04-88EB-625FBE52EBFB}</UniqueIdentifier>
      <Extensions>h;hpp;hxx;hm;inl;inc;xsd</Extensions>
    </Filter>
    <Filter Include="Resource Files">
      <UniqueIdentifier>{67DA6AB6-F800-4c08-8B7A-83BB121AAD01}</UniqueIdentifier>
      <Extensions>rc;ico;cur;bmp;dlg;rc2;rct;bin;rgs;gif;jpg;jpeg;jpe;resx;tiff;tif;png;wav</Extensions>
    </Filter>
    <Filter Include="Tests">
      <UniqueIdentifier>{f85ae72e-aaa1-46ba-9b9c-41c1dcddf4fe}</UniqueIdentifier>
    </Filter>
    <Filter Include="Tests\core">
      <UniqueIdentifier>{e922a0c8-3818-4a4a-a627-9f221c99047e}</UniqueIdentifier>
    </Filter>
    <Filter Include="Tests\core\arch-x86">
      <UniqueIdentifier>{7be0ff34-ec97-484c-b59a-2f46aeed9d6b}</UniqueIdentifier>
    </Filter>
    <Filter Include="Source Files\stubs">
      <UniqueIdentifier>{e1481fee-55ad-4ba6-92cf-4663e0195527}</UniqueIdentifier>
    </Filter>
    <Filter Include="Tests\heap">
      <UniqueIdentifier>{d8565679-3ce6-4e4f-993f-88ead8a3aa7c}</UniqueIdentifier>
    </Filter>
    <Filter Include="Tests\prof">
      <UniqueIdentifier>{55ed774a-2dad-4fb4-9143-5a31041104e0}</UniqueIdentifier>
    </Filter>
    <Filter Include="Tests\prof\stubs">
      <UniqueIdentifier>{31ab9fea-fdc5-44d8-8014-ffd845923747}</UniqueIdentifier>
    </Filter>
    <Filter Include="Tests\gumpp">
      <UniqueIdentifier>{d5b54bac-c4d7-454d-b175-74936806c670}</UniqueIdentifier>
    </Filter>
    <Filter Include="Tests\core\arch-arm">
      <UniqueIdentifier>{945f9b08-f2a1-406e-8c5a-dfedfa55adeb}</UniqueIdentifier>
    </Filter>
    <Filter Include="Tests\core\arch-arm64">
      <UniqueIdentifier>{6378022e-45dd-4fb7-a3b4-6e107a63a6e4}</UniqueIdentifier>
    </Filter>
    <Filter Include="Tests\gumjs">
      <UniqueIdentifier>{b7b8063e-3ff2-435c-886f-918f4958a6b1}</UniqueIdentifier>
    </Filter>
  </ItemGroup>
  <ItemGroup>
    <ClCompile Include="testutil.c">
      <Filter>Source Files</Filter>
    </ClCompile>
    <ClCompile Include="core\interceptor.c">
      <Filter>Tests\core</Filter>
    </ClCompile>
    <ClCompile Include="core\arch-x86\x86writer.c">
      <Filter>Tests\core\arch-x86</Filter>
    </ClCompile>
    <ClCompile Include="core\arch-x86\x86relocator.c">
      <Filter>Tests\core\arch-x86</Filter>
    </ClCompile>
    <ClCompile Include="core\arch-x86\stalker-x86.c">
      <Filter>Tests\core\arch-x86</Filter>
    </ClCompile>
    <ClCompile Include="stubs\fakeeventsink.c">
      <Filter>Source Files\stubs</Filter>
    </ClCompile>
    <ClCompile Include="core\arch-x86\stalker-x86-fixture.c">
      <Filter>Tests\core\arch-x86</Filter>
    </ClCompile>
    <ClCompile Include="core\symbolutil.c">
      <Filter>Tests\core</Filter>
    </ClCompile>
    <ClCompile Include="core\interceptor-fixture.c">
      <Filter>Tests\core</Filter>
    </ClCompile>
    <ClCompile Include="core\interceptor-functiondatalistener.c">
      <Filter>Tests\core</Filter>
    </ClCompile>
    <ClCompile Include="core\interceptor-callbacklistener.c">
      <Filter>Tests\core</Filter>
    </ClCompile>
    <ClCompile Include="core\arch-x86\x86writer-fixture.c">
      <Filter>Tests\core\arch-x86</Filter>
    </ClCompile>
    <ClCompile Include="stalkerdummychannel.c">
      <Filter>Source Files</Filter>
    </ClCompile>
    <ClCompile Include="lowlevelhelpers.c">
      <Filter>Source Files</Filter>
    </ClCompile>
    <ClCompile Include="core\arch-x86\x86relocator-fixture.c">
      <Filter>Tests\core\arch-x86</Filter>
    </ClCompile>
    <ClCompile Include="heap\allocatorprobe.c">
      <Filter>Tests\heap</Filter>
    </ClCompile>
    <ClCompile Include="heap\allocationtracker.c">
      <Filter>Tests\heap</Filter>
    </ClCompile>
    <ClCompile Include="heap\allocatorprobex.cxx">
      <Filter>Tests\heap</Filter>
    </ClCompile>
    <ClCompile Include="heap\boundschecker.c">
      <Filter>Tests\heap</Filter>
    </ClCompile>
    <ClCompile Include="heap\cobjecttracker.c">
      <Filter>Tests\heap</Filter>
    </ClCompile>
    <ClCompile Include="heap\instancetracker.c">
      <Filter>Tests\heap</Filter>
    </ClCompile>
    <ClCompile Include="heap\pagepool.c">
      <Filter>Tests\heap</Filter>
    </ClCompile>
    <ClCompile Include="heap\allocatorprobe-fixture.c">
      <Filter>Tests\heap</Filter>
    </ClCompile>
    <ClCompile Include="stubs\dummyclasses.c">
      <Filter>Source Files\stubs</Filter>
    </ClCompile>
    <ClCompile Include="stubs\fakebacktracer.c">
      <Filter>Source Files\stubs</Filter>
    </ClCompile>
    <ClCompile Include="heap\allocationtracker-fixture.c">
      <Filter>Tests\heap</Filter>
    </ClCompile>
    <ClCompile Include="core\apiresolver.c">
      <Filter>Tests\core</Filter>
    </ClCompile>
    <ClCompile Include="core\apiresolver-fixture.c">
      <Filter>Tests\core</Filter>
    </ClCompile>
    <ClCompile Include="core\backtracer.c">
      <Filter>Tests\core</Filter>
    </ClCompile>
    <ClCompile Include="core\backtracer-fixture.c">
      <Filter>Tests\core</Filter>
    </ClCompile>
    <ClCompile Include="heap\pagepool-fixture.c">
      <Filter>Tests\heap</Filter>
    </ClCompile>
    <ClCompile Include="heap\boundschecker-fixture.c">
      <Filter>Tests\heap</Filter>
    </ClCompile>
    <ClCompile Include="heap\cobjecttracker-fixture.c">
      <Filter>Tests\heap</Filter>
    </ClCompile>
    <ClCompile Include="heap\instancetracker-fixture.c">
      <Filter>Tests\heap</Filter>
    </ClCompile>
    <ClCompile Include="prof\profiler.c">
      <Filter>Tests\prof</Filter>
    </ClCompile>
    <ClCompile Include="prof\sampler.c">
      <Filter>Tests\prof</Filter>
    </ClCompile>
    <ClCompile Include="prof\fakesampler.c">
      <Filter>Tests\prof\stubs</Filter>
    </ClCompile>
    <ClCompile Include="prof\sampler-fixture.c">
      <Filter>Tests\prof</Filter>
    </ClCompile>
    <ClCompile Include="prof\profiler-fixture.c">
      <Filter>Tests\prof</Filter>
    </ClCompile>
    <ClCompile Include="heap\sanitychecker.c">
      <Filter>Tests\heap</Filter>
    </ClCompile>
    <ClCompile Include="heap\sanitychecker-fixture.c">
      <Filter>Tests\heap</Filter>
    </ClCompile>
    <ClCompile Include="gumtest.c">
      <Filter>Source Files</Filter>
    </ClCompile>
    <ClCompile Include="core\tls.c">
      <Filter>Tests\core</Filter>
    </ClCompile>
    <ClCompile Include="core\cloak.c">
      <Filter>Tests\core</Filter>
    </ClCompile>
    <ClCompile Include="core\memory.c">
      <Filter>Tests\core</Filter>
    </ClCompile>
    <ClCompile Include="core\memoryaccessmonitor.c">
      <Filter>Tests\core</Filter>
    </ClCompile>
    <ClCompile Include="core\memoryaccessmonitor-fixture.c">
      <Filter>Tests\core</Filter>
    </ClCompile>
    <ClCompile Include="gumpp\backtracer.cxx">
      <Filter>Tests\gumpp</Filter>
    </ClCompile>
    <ClCompile Include="core\process.c">
      <Filter>Tests\core</Filter>
    </ClCompile>
    <ClCompile Include="core\arch-arm\armrelocator.c">
      <Filter>Tests\core\arch-arm</Filter>
    </ClCompile>
    <ClCompile Include="core\arch-arm\armrelocator-fixture.c">
      <Filter>Tests\core\arch-arm</Filter>
    </ClCompile>
    <ClCompile Include="core\arch-arm\armwriter.c">
      <Filter>Tests\core\arch-arm</Filter>
    </ClCompile>
    <ClCompile Include="core\arch-arm\armwriter-fixture.c">
      <Filter>Tests\core\arch-arm</Filter>
    </ClCompile>
    <ClCompile Include="core\arch-arm\thumbrelocator.c">
      <Filter>Tests\core\arch-arm</Filter>
    </ClCompile>
    <ClCompile Include="core\arch-arm\thumbrelocator-fixture.c">
      <Filter>Tests\core\arch-arm</Filter>
    </ClCompile>
    <ClCompile Include="core\arch-arm\thumbwriter.c">
      <Filter>Tests\core\arch-arm</Filter>
    </ClCompile>
    <ClCompile Include="core\arch-arm\thumbwriter-fixture.c">
      <Filter>Tests\core\arch-arm</Filter>
    </ClCompile>
    <ClCompile Include="core\arch-arm64\arm64relocator.c">
      <Filter>Tests\core\arch-arm64</Filter>
    </ClCompile>
    <ClCompile Include="core\arch-arm64\arm64relocator-fixture.c">
      <Filter>Tests\core\arch-arm64</Filter>
    </ClCompile>
    <ClCompile Include="core\arch-arm64\arm64writer.c">
      <Filter>Tests\core\arch-arm64</Filter>
    </ClCompile>
    <ClCompile Include="core\arch-arm64\arm64writer-fixture.c">
      <Filter>Tests\core\arch-arm64</Filter>
    </ClCompile>
    <ClCompile Include="gumjs\script.c">
      <Filter>Tests\gumjs</Filter>
    </ClCompile>
    <ClCompile Include="gumjs\script-fixture.c">
      <Filter>Tests\gumjs</Filter>
    </ClCompile>
    <ClCompile Include="gumjs\kscript-fixture.c">
      <Filter>Tests\gumjs</Filter>
    </ClCompile>
    <ClCompile Include="gumjs\kscript.c">
      <Filter>Tests\gumjs</Filter>
    </ClCompile>
  </ItemGroup>
  <ItemGroup>
    <ClInclude Include="testutil.h">
      <Filter>Header Files</Filter>
    </ClInclude>
    <ClInclude Include="stubs\fakeeventsink.h">
      <Filter>Source Files\stubs</Filter>
    </ClInclude>
    <ClInclude Include="stalkerdummychannel.h">
      <Filter>Header Files</Filter>
    </ClInclude>
    <ClInclude Include="lowlevelhelpers.h">
      <Filter>Header Files</Filter>
    </ClInclude>
    <ClInclude Include="stubs\dummyclasses.h">
      <Filter>Source Files\stubs</Filter>
    </ClInclude>
    <ClInclude Include="stubs\fakebacktracer.h">
      <Filter>Source Files\stubs</Filter>
    </ClInclude>
    <ClInclude Include="prof\fakesampler.h">
      <Filter>Tests\prof\stubs</Filter>
    </ClInclude>
  </ItemGroup>
</Project>
