
Microsoft Visual Studio Solution File, Format Version 10.00
# Visual Studio 2008
Project("{8BC9CEB8-8B4A-11D0-8D11-00A0C91BC942}") = "gumtest", "gumtest.vcproj", "{BB000332-D703-4C07-A589-99CAF171D696}"
	ProjectSection(ProjectDependencies) = postProject
		{E53CE512-FACA-4DBE-902E-997668F457BF} = {E53CE512-FACA-4DBE-902E-997668F457BF}
	EndProjectSection
EndProject
Project("{8BC9CEB8-8B4A-11D0-8D11-00A0C91BC942}") = "libgum-static", "libgum-static.vcproj", "{E53CE512-FACA-4DBE-902E-997668F457BF}"
EndProject
Project("{8BC9CEB8-8B4A-11D0-8D11-00A0C91BC942}") = "libgum", "libgum.vcproj", "{356381E1-EB2D-44AA-BF5A-2BF5139FC5FB}"
EndProject
Global
	GlobalSection(SolutionConfigurationPlatforms) = preSolution
		Debug|Win32 = Debug|Win32
		Debug|x64 = Debug|x64
		Release|Win32 = Release|Win32
		Release|x64 = Release|x64
		ReleaseWdkCrt|Win32 = ReleaseWdkCrt|Win32
		ReleaseWdkCrt|x64 = ReleaseWdkCrt|x64
	EndGlobalSection
	GlobalSection(ProjectConfigurationPlatforms) = postSolution
		{BB000332-D703-4C07-A589-99CAF171D696}.Debug|Win32.ActiveCfg = Debug|Win32
		{BB000332-D703-4C07-A589-99CAF171D696}.Debug|Win32.Build.0 = Debug|Win32
		{BB000332-D703-4C07-A589-99CAF171D696}.Debug|x64.ActiveCfg = Debug|x64
		{BB000332-D703-4C07-A589-99CAF171D696}.Debug|x64.Build.0 = Debug|x64
		{BB000332-D703-4C07-A589-99CAF171D696}.Release|Win32.ActiveCfg = Release|Win32
		{BB000332-D703-4C07-A589-99CAF171D696}.Release|Win32.Build.0 = Release|Win32
		{BB000332-D703-4C07-A589-99CAF171D696}.Release|x64.ActiveCfg = Release|x64
		{BB000332-D703-4C07-A589-99CAF171D696}.Release|x64.Build.0 = Release|x64
		{BB000332-D703-4C07-A589-99CAF171D696}.ReleaseWdkCrt|Win32.ActiveCfg = ReleaseWdkCrt|Win32
		{BB000332-D703-4C07-A589-99CAF171D696}.ReleaseWdkCrt|Win32.Build.0 = ReleaseWdkCrt|Win32
		{BB000332-D703-4C07-A589-99CAF171D696}.ReleaseWdkCrt|x64.ActiveCfg = ReleaseWdkCrt|x64
		{BB000332-D703-4C07-A589-99CAF171D696}.ReleaseWdkCrt|x64.Build.0 = ReleaseWdkCrt|x64
		{E53CE512-FACA-4DBE-902E-997668F457BF}.Debug|Win32.ActiveCfg = Debug|Win32
		{E53CE512-FACA-4DBE-902E-997668F457BF}.Debug|Win32.Build.0 = Debug|Win32
		{E53CE512-FACA-4DBE-902E-997668F457BF}.Debug|x64.ActiveCfg = Debug|x64
		{E53CE512-FACA-4DBE-902E-997668F457BF}.Debug|x64.Build.0 = Debug|x64
		{E53CE512-FACA-4DBE-902E-997668F457BF}.Release|Win32.ActiveCfg = Release|Win32
		{E53CE512-FACA-4DBE-902E-997668F457BF}.Release|Win32.Build.0 = Release|Win32
		{E53CE512-FACA-4DBE-902E-997668F457BF}.Release|x64.ActiveCfg = Release|x64
		{E53CE512-FACA-4DBE-902E-997668F457BF}.Release|x64.Build.0 = Release|x64
		{E53CE512-FACA-4DBE-902E-997668F457BF}.ReleaseWdkCrt|Win32.ActiveCfg = ReleaseWdkCrt|Win32
		{E53CE512-FACA-4DBE-902E-997668F457BF}.ReleaseWdkCrt|Win32.Build.0 = ReleaseWdkCrt|Win32
		{E53CE512-FACA-4DBE-902E-997668F457BF}.ReleaseWdkCrt|x64.ActiveCfg = ReleaseWdkCrt|x64
		{E53CE512-FACA-4DBE-902E-997668F457BF}.ReleaseWdkCrt|x64.Build.0 = ReleaseWdkCrt|x64
		{356381E1-EB2D-44AA-BF5A-2BF5139FC5FB}.Debug|Win32.ActiveCfg = Debug|Win32
		{356381E1-EB2D-44AA-BF5A-2BF5139FC5FB}.Debug|Win32.Build.0 = Debug|Win32
		{356381E1-EB2D-44AA-BF5A-2BF5139FC5FB}.Debug|x64.ActiveCfg = Debug|x64
		{356381E1-EB2D-44AA-BF5A-2BF5139FC5FB}.Debug|x64.Build.0 = Debug|x64
		{356381E1-EB2D-44AA-BF5A-2BF5139FC5FB}.Release|Win32.ActiveCfg = Release|Win32
		{356381E1-EB2D-44AA-BF5A-2BF5139FC5FB}.Release|Win32.Build.0 = Release|Win32
		{356381E1-EB2D-44AA-BF5A-2BF5139FC5FB}.Release|x64.ActiveCfg = Release|x64
		{356381E1-EB2D-44AA-BF5A-2BF5139FC5FB}.Release|x64.Build.0 = Release|x64
		{356381E1-EB2D-44AA-BF5A-2BF5139FC5FB}.ReleaseWdkCrt|Win32.ActiveCfg = ReleaseWdkCrt|Win32
		{356381E1-EB2D-44AA-BF5A-2BF5139FC5FB}.ReleaseWdkCrt|Win32.Build.0 = ReleaseWdkCrt|Win32
		{356381E1-EB2D-44AA-BF5A-2BF5139FC5FB}.ReleaseWdkCrt|x64.ActiveCfg = ReleaseWdkCrt|x64
		{356381E1-EB2D-44AA-BF5A-2BF5139FC5FB}.ReleaseWdkCrt|x64.Build.0 = ReleaseWdkCrt|x64
	EndGlobalSection
	GlobalSection(SolutionProperties) = preSolution
		HideSolutionNode = FALSE
	EndGlobalSection
EndGlobal
